// !$*UTF8*$!
{
	archiveVersion = 1;
	classes = {
	};
	objectVersion = 46;
	objects = {

/* Begin PBXBuildFile section */
		19E6858D1D9AA1C600C9CF0E /* AppDelegate.swift in Sources */ = {isa = PBXBuildFile; fileRef = 19E6858C1D9AA1C600C9CF0E /* AppDelegate.swift */; };
		19E6858F1D9AA1C600C9CF0E /* ViewController.swift in Sources */ = {isa = PBXBuildFile; fileRef = 19E6858E1D9AA1C600C9CF0E /* ViewController.swift */; };
		19E685921D9AA1C600C9CF0E /* Main.storyboard in Resources */ = {isa = PBXBuildFile; fileRef = 19E685901D9AA1C600C9CF0E /* Main.storyboard */; };
		19E685941D9AA1C600C9CF0E /* Assets.xcassets in Resources */ = {isa = PBXBuildFile; fileRef = 19E685931D9AA1C600C9CF0E /* Assets.xcassets */; };
		19E685971D9AA1C600C9CF0E /* LaunchScreen.storyboard in Resources */ = {isa = PBXBuildFile; fileRef = 19E685951D9AA1C600C9CF0E /* LaunchScreen.storyboard */; };
		19E685A01D9AA21F00C9CF0E /* CoreLocation.framework in Frameworks */ = {isa = PBXBuildFile; fileRef = 19E6859F1D9AA21F00C9CF0E /* CoreLocation.framework */; };
		19E685A21D9BCFD100C9CF0E /* MapKit.framework in Frameworks */ = {isa = PBXBuildFile; fileRef = 19E685A11D9BCFD100C9CF0E /* MapKit.framework */; };
/* End PBXBuildFile section */

/* Begin PBXFileReference section */
		19E685891D9AA1C600C9CF0E /* LocationRestrictions.app */ = {isa = PBXFileReference; explicitFileType = wrapper.application; includeInIndex = 0; path = LocationRestrictions.app; sourceTree = BUILT_PRODUCTS_DIR; };
		19E6858C1D9AA1C600C9CF0E /* AppDelegate.swift */ = {isa = PBXFileReference; lastKnownFileType = sourcecode.swift; path = AppDelegate.swift; sourceTree = "<group>"; };
		19E6858E1D9AA1C600C9CF0E /* ViewController.swift */ = {isa = PBXFileReference; lastKnownFileType = sourcecode.swift; path = ViewController.swift; sourceTree = "<group>"; };
		19E685911D9AA1C600C9CF0E /* Base */ = {isa = PBXFileReference; lastKnownFileType = file.storyboard; name = Base; path = Base.lproj/Main.storyboard; sourceTree = "<group>"; };
		19E685931D9AA1C600C9CF0E /* Assets.xcassets */ = {isa = PBXFileReference; lastKnownFileType = folder.assetcatalog; path = Assets.xcassets; sourceTree = "<group>"; };
		19E685961D9AA1C600C9CF0E /* Base */ = {isa = PBXFileReference; lastKnownFileType = file.storyboard; name = Base; path = Base.lproj/LaunchScreen.storyboard; sourceTree = "<group>"; };
		19E685981D9AA1C600C9CF0E /* Info.plist */ = {isa = PBXFileReference; lastKnownFileType = text.plist.xml; path = Info.plist; sourceTree = "<group>"; };
		19E6859F1D9AA21F00C9CF0E /* CoreLocation.framework */ = {isa = PBXFileReference; lastKnownFileType = wrapper.framework; name = CoreLocation.framework; path = System/Library/Frameworks/CoreLocation.framework; sourceTree = SDKROOT; };
		19E685A11D9BCFD100C9CF0E /* MapKit.framework */ = {isa = PBXFileReference; lastKnownFileType = wrapper.framework; name = MapKit.framework; path = System/Library/Frameworks/MapKit.framework; sourceTree = SDKROOT; };
/* End PBXFileReference section */

/* Begin PBXFrameworksBuildPhase section */
		19E685861D9AA1C600C9CF0E /* Frameworks */ = {
			isa = PBXFrameworksBuildPhase;
			buildActionMask = 2147483647;
			files = (
				19E685A21D9BCFD100C9CF0E /* MapKit.framework in Frameworks */,
				19E685A01D9AA21F00C9CF0E /* CoreLocation.framework in Frameworks */,
			);
			runOnlyForDeploymentPostprocessing = 0;
		};
/* End PBXFrameworksBuildPhase section */

/* Begin PBXGroup section */
		19E685801D9AA1C600C9CF0E = {
			isa = PBXGroup;
			children = (
				19E6858B1D9AA1C600C9CF0E /* LocationRestrictions */,
				19E6858A1D9AA1C600C9CF0E /* Products */,
				19E6859E1D9AA21F00C9CF0E /* Frameworks */,
			);
			sourceTree = "<group>";
		};
		19E6858A1D9AA1C600C9CF0E /* Products */ = {
			isa = PBXGroup;
			children = (
				19E685891D9AA1C600C9CF0E /* LocationRestrictions.app */,
			);
			name = Products;
			sourceTree = "<group>";
		};
		19E6858B1D9AA1C600C9CF0E /* LocationRestrictions */ = {
			isa = PBXGroup;
			children = (
				19E6858C1D9AA1C600C9CF0E /* AppDelegate.swift */,
				19E6858E1D9AA1C600C9CF0E /* ViewController.swift */,
				19E685901D9AA1C600C9CF0E /* Main.storyboard */,
				19E685931D9AA1C600C9CF0E /* Assets.xcassets */,
				19E685951D9AA1C600C9CF0E /* LaunchScreen.storyboard */,
				19E685981D9AA1C600C9CF0E /* Info.plist */,
			);
			path = LocationRestrictions;
			sourceTree = "<group>";
		};
		19E6859E1D9AA21F00C9CF0E /* Frameworks */ = {
			isa = PBXGroup;
			children = (
				19E685A11D9BCFD100C9CF0E /* MapKit.framework */,
				19E6859F1D9AA21F00C9CF0E /* CoreLocation.framework */,
			);
			name = Frameworks;
			sourceTree = "<group>";
		};
/* End PBXGroup section */

/* Begin PBXNativeTarget section */
		19E685881D9AA1C600C9CF0E /* LocationRestrictions */ = {
			isa = PBXNativeTarget;
			buildConfigurationList = 19E6859B1D9AA1C600C9CF0E /* Build configuration list for PBXNativeTarget "LocationRestrictions" */;
			buildPhases = (
				19E685851D9AA1C600C9CF0E /* Sources */,
				19E685861D9AA1C600C9CF0E /* Frameworks */,
				19E685871D9AA1C600C9CF0E /* Resources */,
			);
			buildRules = (
			);
			dependencies = (
			);
			name = LocationRestrictions;
			productName = LocationRestrictions;
			productReference = 19E685891D9AA1C600C9CF0E /* LocationRestrictions.app */;
			productType = "com.apple.product-type.application";
		};
/* End PBXNativeTarget section */

/* Begin PBXProject section */
		19E685811D9AA1C600C9CF0E /* Project object */ = {
			isa = PBXProject;
			attributes = {
				LastSwiftUpdateCheck = 0800;
				LastUpgradeCheck = 0800;
				ORGANIZATIONNAME = archangel;
				TargetAttributes = {
					19E685881D9AA1C600C9CF0E = {
						CreatedOnToolsVersion = 8.0;
						DevelopmentTeam = P4JVA28GY3;
						ProvisioningStyle = Automatic;
					};
				};
			};
			buildConfigurationList = 19E685841D9AA1C600C9CF0E /* Build configuration list for PBXProject "LocationRestrictions" */;
			compatibilityVersion = "Xcode 3.2";
			developmentRegion = English;
			hasScannedForEncodings = 0;
			knownRegions = (
				en,
				Base,
			);
			mainGroup = 19E685801D9AA1C600C9CF0E;
			productRefGroup = 19E6858A1D9AA1C600C9CF0E /* Products */;
			projectDirPath = "";
			projectRoot = "";
			targets = (
				19E685881D9AA1C600C9CF0E /* LocationRestrictions */,
			);
		};
/* End PBXProject section */

/* Begin PBXResourcesBuildPhase section */
		19E685871D9AA1C600C9CF0E /* Resources */ = {
			isa = PBXResourcesBuildPhase;
			buildActionMask = 2147483647;
			files = (
				19E685971D9AA1C600C9CF0E /* LaunchScreen.storyboard in Resources */,
				19E685941D9AA1C600C9CF0E /* Assets.xcassets in Resources */,
				19E685921D9AA1C600C9CF0E /* Main.storyboard in Resources */,
			);
			runOnlyForDeploymentPostprocessing = 0;
		};
/* End PBXResourcesBuildPhase section */

/* Begin PBXSourcesBuildPhase section */
		19E685851D9AA1C600C9CF0E /* Sources */ = {
			isa = PBXSourcesBuildPhase;
			buildActionMask = 2147483647;
			files = (
				19E6858F1D9AA1C600C9CF0E /* ViewController.swift in Sources */,
				19E6858D1D9AA1C600C9CF0E /* AppDelegate.swift in Sources */,
			);
			runOnlyForDeploymentPostprocessing = 0;
		};
/* End PBXSourcesBuildPhase section */

/* Begin PBXVariantGroup section */
		19E685901D9AA1C600C9CF0E /* Main.storyboard */ = {
			isa = PBXVariantGroup;
			children = (
				19E685911D9AA1C600C9CF0E /* Base */,
			);
			name = Main.storyboard;
			sourceTree = "<group>";
		};
		19E685951D9AA1C600C9CF0E /* LaunchScreen.storyboard */ = {
			isa = PBXVariantGroup;
			children = (
				19E685961D9AA1C600C9CF0E /* Base */,
			);
			name = LaunchScreen.storyboard;
			sourceTree = "<group>";
		};
/* End PBXVariantGroup section */

/* Begin XCBuildConfiguration section */
		19E685991D9AA1C600C9CF0E /* Debug */ = {
			isa = XCBuildConfiguration;
			buildSettings = {
				ALWAYS_SEARCH_USER_PATHS = NO;
				CLANG_ANALYZER_NONNULL = YES;
				CLANG_CXX_LANGUAGE_STANDARD = "gnu++0x";
				CLANG_CXX_LIBRARY = "libc++";
				CLANG_ENABLE_MODULES = YES;
				CLANG_ENABLE_OBJC_ARC = YES;
				CLANG_WARN_BOOL_CONVERSION = YES;
				CLANG_WARN_CONSTANT_CONVERSION = YES;
				CLANG_WARN_DIRECT_OBJC_ISA_USAGE = YES_ERROR;
				CLANG_WARN_DOCUMENTATION_COMMENTS = YES;
				CLANG_WARN_EMPTY_BODY = YES;
				CLANG_WARN_ENUM_CONVERSION = YES;
				CLANG_WARN_INFINITE_RECURSION = YES;
				CLANG_WARN_INT_CONVERSION = YES;
				CLANG_WARN_OBJC_ROOT_CLASS = YES_ERROR;
				CLANG_WARN_SUSPICIOUS_MOVES = YES;
				CLANG_WARN_UNREACHABLE_CODE = YES;
				CLANG_WARN__DUPLICATE_METHOD_MATCH = YES;
				"CODE_SIGN_IDENTITY[sdk=iphoneos*]" = "iPhone Developer";
				COPY_PHASE_STRIP = NO;
				DEBUG_INFORMATION_FORMAT = dwarf;
				ENABLE_STRICT_OBJC_MSGSEND = YES;
				ENABLE_TESTABILITY = YES;
				GCC_C_LANGUAGE_STANDARD = gnu99;
				GCC_DYNAMIC_NO_PIC = NO;
				GCC_NO_COMMON_BLOCKS = YES;
				GCC_OPTIMIZATION_LEVEL = 0;
				GCC_PREPROCESSOR_DEFINITIONS = (
					"DEBUG=1",
					"$(inherited)",
				);
				GCC_WARN_64_TO_32_BIT_CONVERSION = YES;
				GCC_WARN_ABOUT_RETURN_TYPE = YES_ERROR;
				GCC_WARN_UNDECLARED_SELECTOR = YES;
				GCC_WARN_UNINITIALIZED_AUTOS = YES_AGGRESSIVE;
				GCC_WARN_UNUSED_FUNCTION = YES;
				GCC_WARN_UNUSED_VARIABLE = YES;
				IPHONEOS_DEPLOYMENT_TARGET = 10.0;
				MTL_ENABLE_DEBUG_INFO = YES;
				ONLY_ACTIVE_ARCH = YES;
				SDKROOT = iphoneos;
				SWIFT_ACTIVE_COMPILATION_CONDITIONS = DEBUG;
				SWIFT_OPTIMIZATION_LEVEL = "-Onone";
			};
			name = Debug;
		};
		19E6859A1D9AA1C600C9CF0E /* Release */ = {
			isa = XCBuildConfiguration;
			buildSettings = {
				ALWAYS_SEARCH_USER_PATHS = NO;
				CLANG_ANALYZER_NONNULL = YES;
				CLANG_CXX_LANGUAGE_STANDARD = "gnu++0x";
				CLANG_CXX_LIBRARY = "libc++";
				CLANG_ENABLE_MODULES = YES;
				CLANG_ENABLE_OBJC_ARC = YES;
				CLANG_WARN_BOOL_CONVERSION = YES;
				CLANG_WARN_CONSTANT_CONVERSION = YES;
				CLANG_WARN_DIRECT_OBJC_ISA_USAGE = YES_ERROR;
				CLANG_WARN_DOCUMENTATION_COMMENTS = YES;
				CLANG_WARN_EMPTY_BODY = YES;
				CLANG_WARN_ENUM_CONVERSION = YES;
				CLANG_WARN_INFINITE_RECURSION = YES;
				CLANG_WARN_INT_CONVERSION = YES;
				CLANG_WARN_OBJC_ROOT_CLASS = YES_ERROR;
				CLANG_WARN_SUSPICIOUS_MOVES = YES;
				CLANG_WARN_UNREACHABLE_CODE = YES;
				CLANG_WARN__DUPLICATE_METHOD_MATCH = YES;
				"CODE_SIGN_IDENTITY[sdk=iphoneos*]" = "iPhone Developer";
				COPY_PHASE_STRIP = NO;
				DEBUG_INFORMATION_FORMAT = "dwarf-with-dsym";
				ENABLE_NS_ASSERTIONS = NO;
				ENABLE_STRICT_OBJC_MSGSEND = YES;
				GCC_C_LANGUAGE_STANDARD = gnu99;
				GCC_NO_COMMON_BLOCKS = YES;
				GCC_WARN_64_TO_32_BIT_CONVERSION = YES;
				GCC_WARN_ABOUT_RETURN_TYPE = YES_ERROR;
				GCC_WARN_UNDECLARED_SELECTOR = YES;
				GCC_WARN_UNINITIALIZED_AUTOS = YES_AGGRESSIVE;
				GCC_WARN_UNUSED_FUNCTION = YES;
				GCC_WARN_UNUSED_VARIABLE = YES;
				IPHONEOS_DEPLOYMENT_TARGET = 10.0;
				MTL_ENABLE_DEBUG_INFO = NO;
				SDKROOT = iphoneos;
				SWIFT_OPTIMIZATION_LEVEL = "-Owholemodule";
				VALIDATE_PRODUCT = YES;
			};
			name = Release;
		};
		19E6859C1D9AA1C600C9CF0E /* Debug */ = {
			isa = XCBuildConfiguration;
			buildSettings = {
				ASSETCATALOG_COMPILER_APPICON_NAME = AppIcon;
				DEVELOPMENT_TEAM = P4JVA28GY3;
				INFOPLIST_FILE = LocationRestrictions/Info.plist;
				LD_RUNPATH_SEARCH_PATHS = "$(inherited) @executable_path/Frameworks";
				PRODUCT_BUNDLE_IDENTIFIER = com.oryx.testapp;
				PRODUCT_NAME = "$(TARGET_NAME)";
				SWIFT_VERSION = 3.0;
			};
			name = Debug;
		};
		19E6859D1D9AA1C600C9CF0E /* Release */ = {
			isa = XCBuildConfiguration;
			buildSettings = {
				ASSETCATALOG_COMPILER_APPICON_NAME = AppIcon;
				DEVELOPMENT_TEAM = P4JVA28GY3;
				INFOPLIST_FILE = LocationRestrictions/Info.plist;
				LD_RUNPATH_SEARCH_PATHS = "$(inherited) @executable_path/Frameworks";
				PRODUCT_BUNDLE_IDENTIFIER = com.oryx.testapp;
				PRODUCT_NAME = "$(TARGET_NAME)";
				SWIFT_VERSION = 3.0;
			};
			name = Release;
		};
/* End XCBuildConfiguration section */

/* Begin XCConfigurationList section */
		19E685841D9AA1C600C9CF0E /* Build configuration list for PBXProject "LocationRestrictions" */ = {
			isa = XCConfigurationList;
			buildConfigurations = (
				19E685991D9AA1C600C9CF0E /* Debug */,
				19E6859A1D9AA1C600C9CF0E /* Release */,
			);
			defaultConfigurationIsVisible = 0;
			defaultConfigurationName = Release;
		};
		19E6859B1D9AA1C600C9CF0E /* Build configuration list for PBXNativeTarget "LocationRestrictions" */ = {
			isa = XCConfigurationList;
			buildConfigurations = (
				19E6859C1D9AA1C600C9CF0E /* Debug */,
				19E6859D1D9AA1C600C9CF0E /* Release */,
			);
			defaultConfigurationIsVisible = 0;
			defaultConfigurationName = Release;
		};
/* End XCConfigurationList section */
	};
	rootObject = 19E685811D9AA1C600C9CF0E /* Project object */;
}
