// !$*UTF8*$!
{
	archiveVersion = 1;
	classes = {
	};
	objectVersion = 46;
	objects = {

/* Begin PBXBuildFile section */
		19E685F11D9D0CB200C9CF0E /* AppDelegate.swift in Sources */ = {isa = PBXBuildFile; fileRef = 19E685F01D9D0CB200C9CF0E /* AppDelegate.swift */; };
		19E685F31D9D0CB200C9CF0E /* ViewController.swift in Sources */ = {isa = PBXBuildFile; fileRef = 19E685F21D9D0CB200C9CF0E /* ViewController.swift */; };
		19E685F61D9D0CB200C9CF0E /* Main.storyboard in Resources */ = {isa = PBXBuildFile; fileRef = 19E685F41D9D0CB200C9CF0E /* Main.storyboard */; };
		19E685F81D9D0CB200C9CF0E /* Assets.xcassets in Resources */ = {isa = PBXBuildFile; fileRef = 19E685F71D9D0CB200C9CF0E /* Assets.xcassets */; };
		19E685FB1D9D0CB200C9CF0E /* LaunchScreen.storyboard in Resources */ = {isa = PBXBuildFile; fileRef = 19E685F91D9D0CB200C9CF0E /* LaunchScreen.storyboard */; };
		19E686031D9D0DAF00C9CF0E /* Level1ViewController.swift in Sources */ = {isa = PBXBuildFile; fileRef = 19E686021D9D0DAF00C9CF0E /* Level1ViewController.swift */; };
		19E686051D9D0DB700C9CF0E /* Level2ViewController.swift in Sources */ = {isa = PBXBuildFile; fileRef = 19E686041D9D0DB700C9CF0E /* Level2ViewController.swift */; };
/* End PBXBuildFile section */

/* Begin PBXFileReference section */
		19E685ED1D9D0CB200C9CF0E /* DeepLinks.app */ = {isa = PBXFileReference; explicitFileType = wrapper.application; includeInIndex = 0; path = DeepLinks.app; sourceTree = BUILT_PRODUCTS_DIR; };
		19E685F01D9D0CB200C9CF0E /* AppDelegate.swift */ = {isa = PBXFileReference; lastKnownFileType = sourcecode.swift; path = AppDelegate.swift; sourceTree = "<group>"; };
		19E685F21D9D0CB200C9CF0E /* ViewController.swift */ = {isa = PBXFileReference; lastKnownFileType = sourcecode.swift; path = ViewController.swift; sourceTree = "<group>"; };
		19E685F51D9D0CB200C9CF0E /* Base */ = {isa = PBXFileReference; lastKnownFileType = file.storyboard; name = Base; path = Base.lproj/Main.storyboard; sourceTree = "<group>"; };
		19E685F71D9D0CB200C9CF0E /* Assets.xcassets */ = {isa = PBXFileReference; lastKnownFileType = folder.assetcatalog; path = Assets.xcassets; sourceTree = "<group>"; };
		19E685FA1D9D0CB200C9CF0E /* Base */ = {isa = PBXFileReference; lastKnownFileType = file.storyboard; name = Base; path = Base.lproj/LaunchScreen.storyboard; sourceTree = "<group>"; };
		19E685FC1D9D0CB200C9CF0E /* Info.plist */ = {isa = PBXFileReference; lastKnownFileType = text.plist.xml; path = Info.plist; sourceTree = "<group>"; };
		19E686021D9D0DAF00C9CF0E /* Level1ViewController.swift */ = {isa = PBXFileReference; fileEncoding = 4; lastKnownFileType = sourcecode.swift; path = Level1ViewController.swift; sourceTree = "<group>"; };
		19E686041D9D0DB700C9CF0E /* Level2ViewController.swift */ = {isa = PBXFileReference; fileEncoding = 4; lastKnownFileType = sourcecode.swift; path = Level2ViewController.swift; sourceTree = "<group>"; };
/* End PBXFileReference section */

/* Begin PBXFrameworksBuildPhase section */
		19E685EA1D9D0CB200C9CF0E /* Frameworks */ = {
			isa = PBXFrameworksBuildPhase;
			buildActionMask = 2147483647;
			files = (
			);
			runOnlyForDeploymentPostprocessing = 0;
		};
/* End PBXFrameworksBuildPhase section */

/* Begin PBXGroup section */
		19E685E41D9D0CB200C9CF0E = {
			isa = PBXGroup;
			children = (
				19E685EF1D9D0CB200C9CF0E /* DeepLinks */,
				19E685EE1D9D0CB200C9CF0E /* Products */,
			);
			sourceTree = "<group>";
		};
		19E685EE1D9D0CB200C9CF0E /* Products */ = {
			isa = PBXGroup;
			children = (
				19E685ED1D9D0CB200C9CF0E /* DeepLinks.app */,
			);
			name = Products;
			sourceTree = "<group>";
		};
		19E685EF1D9D0CB200C9CF0E /* DeepLinks */ = {
			isa = PBXGroup;
			children = (
				19E685F01D9D0CB200C9CF0E /* AppDelegate.swift */,
				19E685F21D9D0CB200C9CF0E /* ViewController.swift */,
				19E685F41D9D0CB200C9CF0E /* Main.storyboard */,
				19E685F71D9D0CB200C9CF0E /* Assets.xcassets */,
				19E685F91D9D0CB200C9CF0E /* LaunchScreen.storyboard */,
				19E685FC1D9D0CB200C9CF0E /* Info.plist */,
				19E686021D9D0DAF00C9CF0E /* Level1ViewController.swift */,
				19E686041D9D0DB700C9CF0E /* Level2ViewController.swift */,
			);
			path = DeepLinks;
			sourceTree = "<group>";
		};
/* End PBXGroup section */

/* Begin PBXNativeTarget section */
		19E685EC1D9D0CB200C9CF0E /* DeepLinks */ = {
			isa = PBXNativeTarget;
			buildConfigurationList = 19E685FF1D9D0CB200C9CF0E /* Build configuration list for PBXNativeTarget "DeepLinks" */;
			buildPhases = (
				19E685E91D9D0CB200C9CF0E /* Sources */,
				19E685EA1D9D0CB200C9CF0E /* Frameworks */,
				19E685EB1D9D0CB200C9CF0E /* Resources */,
			);
			buildRules = (
			);
			dependencies = (
			);
			name = DeepLinks;
			productName = DeepLinks;
			productReference = 19E685ED1D9D0CB200C9CF0E /* DeepLinks.app */;
			productType = "com.apple.product-type.application";
		};
/* End PBXNativeTarget section */

/* Begin PBXProject section */
		19E685E51D9D0CB200C9CF0E /* Project object */ = {
			isa = PBXProject;
			attributes = {
				LastSwiftUpdateCheck = 0800;
				LastUpgradeCheck = 0800;
				ORGANIZATIONNAME = archangel;
				TargetAttributes = {
					19E685EC1D9D0CB200C9CF0E = {
						CreatedOnToolsVersion = 8.0;
						DevelopmentTeam = P4JVA28GY3;
						ProvisioningStyle = Automatic;
					};
				};
			};
			buildConfigurationList = 19E685E81D9D0CB200C9CF0E /* Build configuration list for PBXProject "DeepLinks" */;
			compatibilityVersion = "Xcode 3.2";
			developmentRegion = English;
			hasScannedForEncodings = 0;
			knownRegions = (
				en,
				Base,
			);
			mainGroup = 19E685E41D9D0CB200C9CF0E;
			productRefGroup = 19E685EE1D9D0CB200C9CF0E /* Products */;
			projectDirPath = "";
			projectRoot = "";
			targets = (
				19E685EC1D9D0CB200C9CF0E /* DeepLinks */,
			);
		};
/* End PBXProject section */

/* Begin PBXResourcesBuildPhase section */
		19E685EB1D9D0CB200C9CF0E /* Resources */ = {
			isa = PBXResourcesBuildPhase;
			buildActionMask = 2147483647;
			files = (
				19E685FB1D9D0CB200C9CF0E /* LaunchScreen.storyboard in Resources */,
				19E685F81D9D0CB200C9CF0E /* Assets.xcassets in Resources */,
				19E685F61D9D0CB200C9CF0E /* Main.storyboard in Resources */,
			);
			runOnlyForDeploymentPostprocessing = 0;
		};
/* End PBXResourcesBuildPhase section */

/* Begin PBXSourcesBuildPhase section */
		19E685E91D9D0CB200C9CF0E /* Sources */ = {
			isa = PBXSourcesBuildPhase;
			buildActionMask = 2147483647;
			files = (
				19E686031D9D0DAF00C9CF0E /* Level1ViewController.swift in Sources */,
				19E685F31D9D0CB200C9CF0E /* ViewController.swift in Sources */,
				19E686051D9D0DB700C9CF0E /* Level2ViewController.swift in Sources */,
				19E685F11D9D0CB200C9CF0E /* AppDelegate.swift in Sources */,
			);
			runOnlyForDeploymentPostprocessing = 0;
		};
/* End PBXSourcesBuildPhase section */

/* Begin PBXVariantGroup section */
		19E685F41D9D0CB200C9CF0E /* Main.storyboard */ = {
			isa = PBXVariantGroup;
			children = (
				19E685F51D9D0CB200C9CF0E /* Base */,
			);
			name = Main.storyboard;
			sourceTree = "<group>";
		};
		19E685F91D9D0CB200C9CF0E /* LaunchScreen.storyboard */ = {
			isa = PBXVariantGroup;
			children = (
				19E685FA1D9D0CB200C9CF0E /* Base */,
			);
			name = LaunchScreen.storyboard;
			sourceTree = "<group>";
		};
/* End PBXVariantGroup section */

/* Begin XCBuildConfiguration section */
		19E685FD1D9D0CB200C9CF0E /* Debug */ = {
			isa = XCBuildConfiguration;
			buildSettings = {
				ALWAYS_SEARCH_USER_PATHS = NO;
				CLANG_ANALYZER_NONNULL = YES;
				CLANG_CXX_LANGUAGE_STANDARD = "gnu++0x";
				CLANG_CXX_LIBRARY = "libc++";
				CLANG_ENABLE_MODULES = YES;
				CLANG_ENABLE_OBJC_ARC = YES;
				CLANG_WARN_BOOL_CONVERSION = YES;
				CLANG_WARN_CONSTANT_CONVERSION = YES;
				CLANG_WARN_DIRECT_OBJC_ISA_USAGE = YES_ERROR;
				CLANG_WARN_DOCUMENTATION_COMMENTS = YES;
				CLANG_WARN_EMPTY_BODY = YES;
				CLANG_WARN_ENUM_CONVERSION = YES;
				CLANG_WARN_INFINITE_RECURSION = YES;
				CLANG_WARN_INT_CONVERSION = YES;
				CLANG_WARN_OBJC_ROOT_CLASS = YES_ERROR;
				CLANG_WARN_SUSPICIOUS_MOVES = YES;
				CLANG_WARN_UNREACHABLE_CODE = YES;
				CLANG_WARN__DUPLICATE_METHOD_MATCH = YES;
				"CODE_SIGN_IDENTITY[sdk=iphoneos*]" = "iPhone Developer";
				COPY_PHASE_STRIP = NO;
				DEBUG_INFORMATION_FORMAT = dwarf;
				ENABLE_STRICT_OBJC_MSGSEND = YES;
				ENABLE_TESTABILITY = YES;
				GCC_C_LANGUAGE_STANDARD = gnu99;
				GCC_DYNAMIC_NO_PIC = NO;
				GCC_NO_COMMON_BLOCKS = YES;
				GCC_OPTIMIZATION_LEVEL = 0;
				GCC_PREPROCESSOR_DEFINITIONS = (
					"DEBUG=1",
					"$(inherited)",
				);
				GCC_WARN_64_TO_32_BIT_CONVERSION = YES;
				GCC_WARN_ABOUT_RETURN_TYPE = YES_ERROR;
				GCC_WARN_UNDECLARED_SELECTOR = YES;
				GCC_WARN_UNINITIALIZED_AUTOS = YES_AGGRESSIVE;
				GCC_WARN_UNUSED_FUNCTION = YES;
				GCC_WARN_UNUSED_VARIABLE = YES;
				IPHONEOS_DEPLOYMENT_TARGET = 10.0;
				MTL_ENABLE_DEBUG_INFO = YES;
				ONLY_ACTIVE_ARCH = YES;
				SDKROOT = iphoneos;
				SWIFT_ACTIVE_COMPILATION_CONDITIONS = DEBUG;
				SWIFT_OPTIMIZATION_LEVEL = "-Onone";
			};
			name = Debug;
		};
		19E685FE1D9D0CB200C9CF0E /* Release */ = {
			isa = XCBuildConfiguration;
			buildSettings = {
				ALWAYS_SEARCH_USER_PATHS = NO;
				CLANG_ANALYZER_NONNULL = YES;
				CLANG_CXX_LANGUAGE_STANDARD = "gnu++0x";
				CLANG_CXX_LIBRARY = "libc++";
				CLANG_ENABLE_MODULES = YES;
				CLANG_ENABLE_OBJC_ARC = YES;
				CLANG_WARN_BOOL_CONVERSION = YES;
				CLANG_WARN_CONSTANT_CONVERSION = YES;
				CLANG_WARN_DIRECT_OBJC_ISA_USAGE = YES_ERROR;
				CLANG_WARN_DOCUMENTATION_COMMENTS = YES;
				CLANG_WARN_EMPTY_BODY = YES;
				CLANG_WARN_ENUM_CONVERSION = YES;
				CLANG_WARN_INFINITE_RECURSION = YES;
				CLANG_WARN_INT_CONVERSION = YES;
				CLANG_WARN_OBJC_ROOT_CLASS = YES_ERROR;
				CLANG_WARN_SUSPICIOUS_MOVES = YES;
				CLANG_WARN_UNREACHABLE_CODE = YES;
				CLANG_WARN__DUPLICATE_METHOD_MATCH = YES;
				"CODE_SIGN_IDENTITY[sdk=iphoneos*]" = "iPhone Developer";
				COPY_PHASE_STRIP = NO;
				DEBUG_INFORMATION_FORMAT = "dwarf-with-dsym";
				ENABLE_NS_ASSERTIONS = NO;
				ENABLE_STRICT_OBJC_MSGSEND = YES;
				GCC_C_LANGUAGE_STANDARD = gnu99;
				GCC_NO_COMMON_BLOCKS = YES;
				GCC_WARN_64_TO_32_BIT_CONVERSION = YES;
				GCC_WARN_ABOUT_RETURN_TYPE = YES_ERROR;
				GCC_WARN_UNDECLARED_SELECTOR = YES;
				GCC_WARN_UNINITIALIZED_AUTOS = YES_AGGRESSIVE;
				GCC_WARN_UNUSED_FUNCTION = YES;
				GCC_WARN_UNUSED_VARIABLE = YES;
				IPHONEOS_DEPLOYMENT_TARGET = 10.0;
				MTL_ENABLE_DEBUG_INFO = NO;
				SDKROOT = iphoneos;
				SWIFT_OPTIMIZATION_LEVEL = "-Owholemodule";
				VALIDATE_PRODUCT = YES;
			};
			name = Release;
		};
		19E686001D9D0CB200C9CF0E /* Debug */ = {
			isa = XCBuildConfiguration;
			buildSettings = {
				ASSETCATALOG_COMPILER_APPICON_NAME = AppIcon;
				DEVELOPMENT_TEAM = P4JVA28GY3;
				INFOPLIST_FILE = DeepLinks/Info.plist;
				LD_RUNPATH_SEARCH_PATHS = "$(inherited) @executable_path/Frameworks";
				PRODUCT_BUNDLE_IDENTIFIER = com.oryx.testapp;
				PRODUCT_NAME = "$(TARGET_NAME)";
				SWIFT_VERSION = 3.0;
			};
			name = Debug;
		};
		19E686011D9D0CB200C9CF0E /* Release */ = {
			isa = XCBuildConfiguration;
			buildSettings = {
				ASSETCATALOG_COMPILER_APPICON_NAME = AppIcon;
				DEVELOPMENT_TEAM = P4JVA28GY3;
				INFOPLIST_FILE = DeepLinks/Info.plist;
				LD_RUNPATH_SEARCH_PATHS = "$(inherited) @executable_path/Frameworks";
				PRODUCT_BUNDLE_IDENTIFIER = com.oryx.testapp;
				PRODUCT_NAME = "$(TARGET_NAME)";
				SWIFT_VERSION = 3.0;
			};
			name = Release;
		};
/* End XCBuildConfiguration section */

/* Begin XCConfigurationList section */
		19E685E81D9D0CB200C9CF0E /* Build configuration list for PBXProject "DeepLinks" */ = {
			isa = XCConfigurationList;
			buildConfigurations = (
				19E685FD1D9D0CB200C9CF0E /* Debug */,
				19E685FE1D9D0CB200C9CF0E /* Release */,
			);
			defaultConfigurationIsVisible = 0;
			defaultConfigurationName = Release;
		};
		19E685FF1D9D0CB200C9CF0E /* Build configuration list for PBXNativeTarget "DeepLinks" */ = {
			isa = XCConfigurationList;
			buildConfigurations = (
				19E686001D9D0CB200C9CF0E /* Debug */,
				19E686011D9D0CB200C9CF0E /* Release */,
			);
			defaultConfigurationIsVisible = 0;
		};
/* End XCConfigurationList section */
	};
	rootObject = 19E685E51D9D0CB200C9CF0E /* Project object */;
}
