// !$*UTF8*$!
{
	archiveVersion = 1;
	classes = {
	};
	objectVersion = 46;
	objects = {

/* Begin PBXBuildFile section */
		1942D1551F136CD100EF06DA /* AppDelegate.swift in Sources */ = {isa = PBXBuildFile; fileRef = 1942D1541F136CD100EF06DA /* AppDelegate.swift */; };
		1942D1571F136CD100EF06DA /* ViewController.swift in Sources */ = {isa = PBXBuildFile; fileRef = 1942D1561F136CD100EF06DA /* ViewController.swift */; };
		1942D15A1F136CD100EF06DA /* Main.storyboard in Resources */ = {isa = PBXBuildFile; fileRef = 1942D1581F136CD100EF06DA /* Main.storyboard */; };
		1942D15C1F136CD100EF06DA /* Assets.xcassets in Resources */ = {isa = PBXBuildFile; fileRef = 1942D15B1F136CD100EF06DA /* Assets.xcassets */; };
		1942D15F1F136CD100EF06DA /* LaunchScreen.storyboard in Resources */ = {isa = PBXBuildFile; fileRef = 1942D15D1F136CD100EF06DA /* LaunchScreen.storyboard */; };
		1942D18F1F138F3200EF06DA /* Security.framework in Frameworks */ = {isa = PBXBuildFile; fileRef = 1942D18E1F138F3200EF06DA /* Security.framework */; };
/* End PBXBuildFile section */

/* Begin PBXFileReference section */
		1942D1511F136CD100EF06DA /* KeychainAccess.app */ = {isa = PBXFileReference; explicitFileType = wrapper.application; includeInIndex = 0; path = KeychainAccess.app; sourceTree = BUILT_PRODUCTS_DIR; };
		1942D1541F136CD100EF06DA /* AppDelegate.swift */ = {isa = PBXFileReference; lastKnownFileType = sourcecode.swift; path = AppDelegate.swift; sourceTree = "<group>"; };
		1942D1561F136CD100EF06DA /* ViewController.swift */ = {isa = PBXFileReference; lastKnownFileType = sourcecode.swift; path = ViewController.swift; sourceTree = "<group>"; };
		1942D1591F136CD100EF06DA /* Base */ = {isa = PBXFileReference; lastKnownFileType = file.storyboard; name = Base; path = Base.lproj/Main.storyboard; sourceTree = "<group>"; };
		1942D15B1F136CD100EF06DA /* Assets.xcassets */ = {isa = PBXFileReference; lastKnownFileType = folder.assetcatalog; path = Assets.xcassets; sourceTree = "<group>"; };
		1942D15E1F136CD100EF06DA /* Base */ = {isa = PBXFileReference; lastKnownFileType = file.storyboard; name = Base; path = Base.lproj/LaunchScreen.storyboard; sourceTree = "<group>"; };
		1942D1601F136CD100EF06DA /* Info.plist */ = {isa = PBXFileReference; lastKnownFileType = text.plist.xml; path = Info.plist; sourceTree = "<group>"; };
		1942D1661F136D4300EF06DA /* KeychainAccess.entitlements */ = {isa = PBXFileReference; lastKnownFileType = text.plist.entitlements; path = KeychainAccess.entitlements; sourceTree = "<group>"; };
		1942D18E1F138F3200EF06DA /* Security.framework */ = {isa = PBXFileReference; lastKnownFileType = wrapper.framework; name = Security.framework; path = System/Library/Frameworks/Security.framework; sourceTree = SDKROOT; };
/* End PBXFileReference section */

/* Begin PBXFrameworksBuildPhase section */
		1942D14E1F136CD100EF06DA /* Frameworks */ = {
			isa = PBXFrameworksBuildPhase;
			buildActionMask = 2147483647;
			files = (
				1942D18F1F138F3200EF06DA /* Security.framework in Frameworks */,
			);
			runOnlyForDeploymentPostprocessing = 0;
		};
/* End PBXFrameworksBuildPhase section */

/* Begin PBXGroup section */
		1942D1481F136CD100EF06DA = {
			isa = PBXGroup;
			children = (
				1942D1531F136CD100EF06DA /* KeychainAccess */,
				1942D1521F136CD100EF06DA /* Products */,
				1942D18D1F138F3200EF06DA /* Frameworks */,
			);
			sourceTree = "<group>";
		};
		1942D1521F136CD100EF06DA /* Products */ = {
			isa = PBXGroup;
			children = (
				1942D1511F136CD100EF06DA /* KeychainAccess.app */,
			);
			name = Products;
			sourceTree = "<group>";
		};
		1942D1531F136CD100EF06DA /* KeychainAccess */ = {
			isa = PBXGroup;
			children = (
				1942D1661F136D4300EF06DA /* KeychainAccess.entitlements */,
				1942D1541F136CD100EF06DA /* AppDelegate.swift */,
				1942D1561F136CD100EF06DA /* ViewController.swift */,
				1942D1581F136CD100EF06DA /* Main.storyboard */,
				1942D15B1F136CD100EF06DA /* Assets.xcassets */,
				1942D15D1F136CD100EF06DA /* LaunchScreen.storyboard */,
				1942D1601F136CD100EF06DA /* Info.plist */,
			);
			path = KeychainAccess;
			sourceTree = "<group>";
		};
		1942D18D1F138F3200EF06DA /* Frameworks */ = {
			isa = PBXGroup;
			children = (
				1942D18E1F138F3200EF06DA /* Security.framework */,
			);
			name = Frameworks;
			sourceTree = "<group>";
		};
/* End PBXGroup section */

/* Begin PBXNativeTarget section */
		1942D1501F136CD100EF06DA /* KeychainAccess */ = {
			isa = PBXNativeTarget;
			buildConfigurationList = 1942D1631F136CD100EF06DA /* Build configuration list for PBXNativeTarget "KeychainAccess" */;
			buildPhases = (
				1942D14D1F136CD100EF06DA /* Sources */,
				1942D14E1F136CD100EF06DA /* Frameworks */,
				1942D14F1F136CD100EF06DA /* Resources */,
			);
			buildRules = (
			);
			dependencies = (
			);
			name = KeychainAccess;
			productName = KeychainAccess;
			productReference = 1942D1511F136CD100EF06DA /* KeychainAccess.app */;
			productType = "com.apple.product-type.application";
		};
/* End PBXNativeTarget section */

/* Begin PBXProject section */
		1942D1491F136CD100EF06DA /* Project object */ = {
			isa = PBXProject;
			attributes = {
				LastSwiftUpdateCheck = 0830;
				LastUpgradeCheck = 0830;
				ORGANIZATIONNAME = Oryx;
				TargetAttributes = {
					1942D1501F136CD100EF06DA = {
						CreatedOnToolsVersion = 8.3.3;
						DevelopmentTeam = P4JVA28GY3;
						ProvisioningStyle = Automatic;
						SystemCapabilities = {
							com.apple.Keychain = {
								enabled = 1;
							};
						};
					};
				};
			};
			buildConfigurationList = 1942D14C1F136CD100EF06DA /* Build configuration list for PBXProject "KeychainAccess" */;
			compatibilityVersion = "Xcode 3.2";
			developmentRegion = English;
			hasScannedForEncodings = 0;
			knownRegions = (
				en,
				Base,
			);
			mainGroup = 1942D1481F136CD100EF06DA;
			productRefGroup = 1942D1521F136CD100EF06DA /* Products */;
			projectDirPath = "";
			projectRoot = "";
			targets = (
				1942D1501F136CD100EF06DA /* KeychainAccess */,
			);
		};
/* End PBXProject section */

/* Begin PBXResourcesBuildPhase section */
		1942D14F1F136CD100EF06DA /* Resources */ = {
			isa = PBXResourcesBuildPhase;
			buildActionMask = 2147483647;
			files = (
				1942D15F1F136CD100EF06DA /* LaunchScreen.storyboard in Resources */,
				1942D15C1F136CD100EF06DA /* Assets.xcassets in Resources */,
				1942D15A1F136CD100EF06DA /* Main.storyboard in Resources */,
			);
			runOnlyForDeploymentPostprocessing = 0;
		};
/* End PBXResourcesBuildPhase section */

/* Begin PBXSourcesBuildPhase section */
		1942D14D1F136CD100EF06DA /* Sources */ = {
			isa = PBXSourcesBuildPhase;
			buildActionMask = 2147483647;
			files = (
				1942D1571F136CD100EF06DA /* ViewController.swift in Sources */,
				1942D1551F136CD100EF06DA /* AppDelegate.swift in Sources */,
			);
			runOnlyForDeploymentPostprocessing = 0;
		};
/* End PBXSourcesBuildPhase section */

/* Begin PBXVariantGroup section */
		1942D1581F136CD100EF06DA /* Main.storyboard */ = {
			isa = PBXVariantGroup;
			children = (
				1942D1591F136CD100EF06DA /* Base */,
			);
			name = Main.storyboard;
			sourceTree = "<group>";
		};
		1942D15D1F136CD100EF06DA /* LaunchScreen.storyboard */ = {
			isa = PBXVariantGroup;
			children = (
				1942D15E1F136CD100EF06DA /* Base */,
			);
			name = LaunchScreen.storyboard;
			sourceTree = "<group>";
		};
/* End PBXVariantGroup section */

/* Begin XCBuildConfiguration section */
		1942D1611F136CD100EF06DA /* Debug */ = {
			isa = XCBuildConfiguration;
			buildSettings = {
				ALWAYS_SEARCH_USER_PATHS = NO;
				CLANG_ANALYZER_NONNULL = YES;
				CLANG_ANALYZER_NUMBER_OBJECT_CONVERSION = YES_AGGRESSIVE;
				CLANG_CXX_LANGUAGE_STANDARD = "gnu++0x";
				CLANG_CXX_LIBRARY = "libc++";
				CLANG_ENABLE_MODULES = YES;
				CLANG_ENABLE_OBJC_ARC = YES;
				CLANG_WARN_BOOL_CONVERSION = YES;
				CLANG_WARN_CONSTANT_CONVERSION = YES;
				CLANG_WARN_DIRECT_OBJC_ISA_USAGE = YES_ERROR;
				CLANG_WARN_DOCUMENTATION_COMMENTS = YES;
				CLANG_WARN_EMPTY_BODY = YES;
				CLANG_WARN_ENUM_CONVERSION = YES;
				CLANG_WARN_INFINITE_RECURSION = YES;
				CLANG_WARN_INT_CONVERSION = YES;
				CLANG_WARN_OBJC_ROOT_CLASS = YES_ERROR;
				CLANG_WARN_SUSPICIOUS_MOVE = YES;
				CLANG_WARN_UNREACHABLE_CODE = YES;
				CLANG_WARN__DUPLICATE_METHOD_MATCH = YES;
				"CODE_SIGN_IDENTITY[sdk=iphoneos*]" = "iPhone Developer";
				COPY_PHASE_STRIP = NO;
				DEBUG_INFORMATION_FORMAT = dwarf;
				ENABLE_STRICT_OBJC_MSGSEND = YES;
				ENABLE_TESTABILITY = YES;
				GCC_C_LANGUAGE_STANDARD = gnu99;
				GCC_DYNAMIC_NO_PIC = NO;
				GCC_NO_COMMON_BLOCKS = YES;
				GCC_OPTIMIZATION_LEVEL = 0;
				GCC_PREPROCESSOR_DEFINITIONS = (
					"DEBUG=1",
					"$(inherited)",
				);
				GCC_WARN_64_TO_32_BIT_CONVERSION = YES;
				GCC_WARN_ABOUT_RETURN_TYPE = YES_ERROR;
				GCC_WARN_UNDECLARED_SELECTOR = YES;
				GCC_WARN_UNINITIALIZED_AUTOS = YES_AGGRESSIVE;
				GCC_WARN_UNUSED_FUNCTION = YES;
				GCC_WARN_UNUSED_VARIABLE = YES;
				IPHONEOS_DEPLOYMENT_TARGET = 10.3;
				MTL_ENABLE_DEBUG_INFO = YES;
				ONLY_ACTIVE_ARCH = YES;
				SDKROOT = iphoneos;
				SWIFT_ACTIVE_COMPILATION_CONDITIONS = DEBUG;
				SWIFT_OPTIMIZATION_LEVEL = "-Onone";
			};
			name = Debug;
		};
		1942D1621F136CD100EF06DA /* Release */ = {
			isa = XCBuildConfiguration;
			buildSettings = {
				ALWAYS_SEARCH_USER_PATHS = NO;
				CLANG_ANALYZER_NONNULL = YES;
				CLANG_ANALYZER_NUMBER_OBJECT_CONVERSION = YES_AGGRESSIVE;
				CLANG_CXX_LANGUAGE_STANDARD = "gnu++0x";
				CLANG_CXX_LIBRARY = "libc++";
				CLANG_ENABLE_MODULES = YES;
				CLANG_ENABLE_OBJC_ARC = YES;
				CLANG_WARN_BOOL_CONVERSION = YES;
				CLANG_WARN_CONSTANT_CONVERSION = YES;
				CLANG_WARN_DIRECT_OBJC_ISA_USAGE = YES_ERROR;
				CLANG_WARN_DOCUMENTATION_COMMENTS = YES;
				CLANG_WARN_EMPTY_BODY = YES;
				CLANG_WARN_ENUM_CONVERSION = YES;
				CLANG_WARN_INFINITE_RECURSION = YES;
				CLANG_WARN_INT_CONVERSION = YES;
				CLANG_WARN_OBJC_ROOT_CLASS = YES_ERROR;
				CLANG_WARN_SUSPICIOUS_MOVE = YES;
				CLANG_WARN_UNREACHABLE_CODE = YES;
				CLANG_WARN__DUPLICATE_METHOD_MATCH = YES;
				"CODE_SIGN_IDENTITY[sdk=iphoneos*]" = "iPhone Developer";
				COPY_PHASE_STRIP = NO;
				DEBUG_INFORMATION_FORMAT = "dwarf-with-dsym";
				ENABLE_NS_ASSERTIONS = NO;
				ENABLE_STRICT_OBJC_MSGSEND = YES;
				GCC_C_LANGUAGE_STANDARD = gnu99;
				GCC_NO_COMMON_BLOCKS = YES;
				GCC_WARN_64_TO_32_BIT_CONVERSION = YES;
				GCC_WARN_ABOUT_RETURN_TYPE = YES_ERROR;
				GCC_WARN_UNDECLARED_SELECTOR = YES;
				GCC_WARN_UNINITIALIZED_AUTOS = YES_AGGRESSIVE;
				GCC_WARN_UNUSED_FUNCTION = YES;
				GCC_WARN_UNUSED_VARIABLE = YES;
				IPHONEOS_DEPLOYMENT_TARGET = 10.3;
				MTL_ENABLE_DEBUG_INFO = NO;
				SDKROOT = iphoneos;
				SWIFT_OPTIMIZATION_LEVEL = "-Owholemodule";
				VALIDATE_PRODUCT = YES;
			};
			name = Release;
		};
		1942D1641F136CD100EF06DA /* Debug */ = {
			isa = XCBuildConfiguration;
			buildSettings = {
				ASSETCATALOG_COMPILER_APPICON_NAME = AppIcon;
				CODE_SIGN_ENTITLEMENTS = KeychainAccess/KeychainAccess.entitlements;
				DEVELOPMENT_TEAM = P4JVA28GY3;
				INFOPLIST_FILE = KeychainAccess/Info.plist;
				IPHONEOS_DEPLOYMENT_TARGET = 9.0;
				LD_RUNPATH_SEARCH_PATHS = "$(inherited) @executable_path/Frameworks";
				PRODUCT_BUNDLE_IDENTIFIER = com.oryx.testid;
				PRODUCT_NAME = "$(TARGET_NAME)";
				SWIFT_VERSION = 3.0;
			};
			name = Debug;
		};
		1942D1651F136CD100EF06DA /* Release */ = {
			isa = XCBuildConfiguration;
			buildSettings = {
				ASSETCATALOG_COMPILER_APPICON_NAME = AppIcon;
				CODE_SIGN_ENTITLEMENTS = KeychainAccess/KeychainAccess.entitlements;
				DEVELOPMENT_TEAM = P4JVA28GY3;
				INFOPLIST_FILE = KeychainAccess/Info.plist;
				IPHONEOS_DEPLOYMENT_TARGET = 9.0;
				LD_RUNPATH_SEARCH_PATHS = "$(inherited) @executable_path/Frameworks";
				PRODUCT_BUNDLE_IDENTIFIER = com.oryx.testid;
				PRODUCT_NAME = "$(TARGET_NAME)";
				SWIFT_VERSION = 3.0;
			};
			name = Release;
		};
/* End XCBuildConfiguration section */

/* Begin XCConfigurationList section */
		1942D14C1F136CD100EF06DA /* Build configuration list for PBXProject "KeychainAccess" */ = {
			isa = XCConfigurationList;
			buildConfigurations = (
				1942D1611F136CD100EF06DA /* Debug */,
				1942D1621F136CD100EF06DA /* Release */,
			);
			defaultConfigurationIsVisible = 0;
			defaultConfigurationName = Release;
		};
		1942D1631F136CD100EF06DA /* Build configuration list for PBXNativeTarget "KeychainAccess" */ = {
			isa = XCConfigurationList;
			buildConfigurations = (
				1942D1641F136CD100EF06DA /* Debug */,
				1942D1651F136CD100EF06DA /* Release */,
			);
			defaultConfigurationIsVisible = 0;
			defaultConfigurationName = Release;
		};
/* End XCConfigurationList section */
	};
	rootObject = 1942D1491F136CD100EF06DA /* Project object */;
}
