// !$*UTF8*$!
{
	archiveVersion = 1;
	classes = {
	};
	objectVersion = 46;
	objects = {

/* Begin PBXBuildFile section */
		1921F55D1DF55A7400DFD0EA /* AppDelegate.swift in Sources */ = {isa = PBXBuildFile; fileRef = 1921F55C1DF55A7400DFD0EA /* AppDelegate.swift */; };
		1921F55F1DF55A7400DFD0EA /* ViewController.swift in Sources */ = {isa = PBXBuildFile; fileRef = 1921F55E1DF55A7400DFD0EA /* ViewController.swift */; };
		1921F5621DF55A7400DFD0EA /* Main.storyboard in Resources */ = {isa = PBXBuildFile; fileRef = 1921F5601DF55A7400DFD0EA /* Main.storyboard */; };
		1921F5641DF55A7400DFD0EA /* Assets.xcassets in Resources */ = {isa = PBXBuildFile; fileRef = 1921F5631DF55A7400DFD0EA /* Assets.xcassets */; };
		1921F5671DF55A7400DFD0EA /* LaunchScreen.storyboard in Resources */ = {isa = PBXBuildFile; fileRef = 1921F5651DF55A7400DFD0EA /* LaunchScreen.storyboard */; };
		1921F5701DF55B3000DFD0EA /* PushButton.swift in Sources */ = {isa = PBXBuildFile; fileRef = 1921F56F1DF55B3000DFD0EA /* PushButton.swift */; };
		1921F5721DF5683100DFD0EA /* CounterView.swift in Sources */ = {isa = PBXBuildFile; fileRef = 1921F5711DF5683100DFD0EA /* CounterView.swift */; };
/* End PBXBuildFile section */

/* Begin PBXFileReference section */
		1921F5591DF55A7400DFD0EA /* CoreGraph.app */ = {isa = PBXFileReference; explicitFileType = wrapper.application; includeInIndex = 0; path = CoreGraph.app; sourceTree = BUILT_PRODUCTS_DIR; };
		1921F55C1DF55A7400DFD0EA /* AppDelegate.swift */ = {isa = PBXFileReference; lastKnownFileType = sourcecode.swift; path = AppDelegate.swift; sourceTree = "<group>"; };
		1921F55E1DF55A7400DFD0EA /* ViewController.swift */ = {isa = PBXFileReference; lastKnownFileType = sourcecode.swift; path = ViewController.swift; sourceTree = "<group>"; };
		1921F5611DF55A7400DFD0EA /* Base */ = {isa = PBXFileReference; lastKnownFileType = file.storyboard; name = Base; path = Base.lproj/Main.storyboard; sourceTree = "<group>"; };
		1921F5631DF55A7400DFD0EA /* Assets.xcassets */ = {isa = PBXFileReference; lastKnownFileType = folder.assetcatalog; path = Assets.xcassets; sourceTree = "<group>"; };
		1921F5661DF55A7400DFD0EA /* Base */ = {isa = PBXFileReference; lastKnownFileType = file.storyboard; name = Base; path = Base.lproj/LaunchScreen.storyboard; sourceTree = "<group>"; };
		1921F5681DF55A7400DFD0EA /* Info.plist */ = {isa = PBXFileReference; lastKnownFileType = text.plist.xml; path = Info.plist; sourceTree = "<group>"; };
		1921F56F1DF55B3000DFD0EA /* PushButton.swift */ = {isa = PBXFileReference; fileEncoding = 4; lastKnownFileType = sourcecode.swift; path = PushButton.swift; sourceTree = "<group>"; };
		1921F5711DF5683100DFD0EA /* CounterView.swift */ = {isa = PBXFileReference; fileEncoding = 4; lastKnownFileType = sourcecode.swift; path = CounterView.swift; sourceTree = "<group>"; };
/* End PBXFileReference section */

/* Begin PBXFrameworksBuildPhase section */
		1921F5561DF55A7400DFD0EA /* Frameworks */ = {
			isa = PBXFrameworksBuildPhase;
			buildActionMask = 2147483647;
			files = (
			);
			runOnlyForDeploymentPostprocessing = 0;
		};
/* End PBXFrameworksBuildPhase section */

/* Begin PBXGroup section */
		1921F5501DF55A7400DFD0EA = {
			isa = PBXGroup;
			children = (
				1921F55B1DF55A7400DFD0EA /* CoreGraph */,
				1921F55A1DF55A7400DFD0EA /* Products */,
			);
			sourceTree = "<group>";
		};
		1921F55A1DF55A7400DFD0EA /* Products */ = {
			isa = PBXGroup;
			children = (
				1921F5591DF55A7400DFD0EA /* CoreGraph.app */,
			);
			name = Products;
			sourceTree = "<group>";
		};
		1921F55B1DF55A7400DFD0EA /* CoreGraph */ = {
			isa = PBXGroup;
			children = (
				1921F56E1DF55B0500DFD0EA /* CustomViews */,
				1921F55C1DF55A7400DFD0EA /* AppDelegate.swift */,
				1921F55E1DF55A7400DFD0EA /* ViewController.swift */,
				1921F5601DF55A7400DFD0EA /* Main.storyboard */,
				1921F5631DF55A7400DFD0EA /* Assets.xcassets */,
				1921F5651DF55A7400DFD0EA /* LaunchScreen.storyboard */,
				1921F5681DF55A7400DFD0EA /* Info.plist */,
			);
			path = CoreGraph;
			sourceTree = "<group>";
		};
		1921F56E1DF55B0500DFD0EA /* CustomViews */ = {
			isa = PBXGroup;
			children = (
				1921F56F1DF55B3000DFD0EA /* PushButton.swift */,
				1921F5711DF5683100DFD0EA /* CounterView.swift */,
			);
			name = CustomViews;
			sourceTree = "<group>";
		};
/* End PBXGroup section */

/* Begin PBXNativeTarget section */
		1921F5581DF55A7400DFD0EA /* CoreGraph */ = {
			isa = PBXNativeTarget;
			buildConfigurationList = 1921F56B1DF55A7400DFD0EA /* Build configuration list for PBXNativeTarget "CoreGraph" */;
			buildPhases = (
				1921F5551DF55A7400DFD0EA /* Sources */,
				1921F5561DF55A7400DFD0EA /* Frameworks */,
				1921F5571DF55A7400DFD0EA /* Resources */,
			);
			buildRules = (
			);
			dependencies = (
			);
			name = CoreGraph;
			productName = CoreGraph;
			productReference = 1921F5591DF55A7400DFD0EA /* CoreGraph.app */;
			productType = "com.apple.product-type.application";
		};
/* End PBXNativeTarget section */

/* Begin PBXProject section */
		1921F5511DF55A7400DFD0EA /* Project object */ = {
			isa = PBXProject;
			attributes = {
				LastSwiftUpdateCheck = 0810;
				LastUpgradeCheck = 0810;
				ORGANIZATIONNAME = Oryx;
				TargetAttributes = {
					1921F5581DF55A7400DFD0EA = {
						CreatedOnToolsVersion = 8.1;
						DevelopmentTeam = P4JVA28GY3;
						ProvisioningStyle = Automatic;
					};
				};
			};
			buildConfigurationList = 1921F5541DF55A7400DFD0EA /* Build configuration list for PBXProject "CoreGraph" */;
			compatibilityVersion = "Xcode 3.2";
			developmentRegion = English;
			hasScannedForEncodings = 0;
			knownRegions = (
				en,
				Base,
			);
			mainGroup = 1921F5501DF55A7400DFD0EA;
			productRefGroup = 1921F55A1DF55A7400DFD0EA /* Products */;
			projectDirPath = "";
			projectRoot = "";
			targets = (
				1921F5581DF55A7400DFD0EA /* CoreGraph */,
			);
		};
/* End PBXProject section */

/* Begin PBXResourcesBuildPhase section */
		1921F5571DF55A7400DFD0EA /* Resources */ = {
			isa = PBXResourcesBuildPhase;
			buildActionMask = 2147483647;
			files = (
				1921F5671DF55A7400DFD0EA /* LaunchScreen.storyboard in Resources */,
				1921F5641DF55A7400DFD0EA /* Assets.xcassets in Resources */,
				1921F5621DF55A7400DFD0EA /* Main.storyboard in Resources */,
			);
			runOnlyForDeploymentPostprocessing = 0;
		};
/* End PBXResourcesBuildPhase section */

/* Begin PBXSourcesBuildPhase section */
		1921F5551DF55A7400DFD0EA /* Sources */ = {
			isa = PBXSourcesBuildPhase;
			buildActionMask = 2147483647;
			files = (
				1921F55F1DF55A7400DFD0EA /* ViewController.swift in Sources */,
				1921F55D1DF55A7400DFD0EA /* AppDelegate.swift in Sources */,
				1921F5701DF55B3000DFD0EA /* PushButton.swift in Sources */,
				1921F5721DF5683100DFD0EA /* CounterView.swift in Sources */,
			);
			runOnlyForDeploymentPostprocessing = 0;
		};
/* End PBXSourcesBuildPhase section */

/* Begin PBXVariantGroup section */
		1921F5601DF55A7400DFD0EA /* Main.storyboard */ = {
			isa = PBXVariantGroup;
			children = (
				1921F5611DF55A7400DFD0EA /* Base */,
			);
			name = Main.storyboard;
			sourceTree = "<group>";
		};
		1921F5651DF55A7400DFD0EA /* LaunchScreen.storyboard */ = {
			isa = PBXVariantGroup;
			children = (
				1921F5661DF55A7400DFD0EA /* Base */,
			);
			name = LaunchScreen.storyboard;
			sourceTree = "<group>";
		};
/* End PBXVariantGroup section */

/* Begin XCBuildConfiguration section */
		1921F5691DF55A7400DFD0EA /* Debug */ = {
			isa = XCBuildConfiguration;
			buildSettings = {
				ALWAYS_SEARCH_USER_PATHS = NO;
				CLANG_ANALYZER_NONNULL = YES;
				CLANG_CXX_LANGUAGE_STANDARD = "gnu++0x";
				CLANG_CXX_LIBRARY = "libc++";
				CLANG_ENABLE_MODULES = YES;
				CLANG_ENABLE_OBJC_ARC = YES;
				CLANG_WARN_BOOL_CONVERSION = YES;
				CLANG_WARN_CONSTANT_CONVERSION = YES;
				CLANG_WARN_DIRECT_OBJC_ISA_USAGE = YES_ERROR;
				CLANG_WARN_DOCUMENTATION_COMMENTS = YES;
				CLANG_WARN_EMPTY_BODY = YES;
				CLANG_WARN_ENUM_CONVERSION = YES;
				CLANG_WARN_INFINITE_RECURSION = YES;
				CLANG_WARN_INT_CONVERSION = YES;
				CLANG_WARN_OBJC_ROOT_CLASS = YES_ERROR;
				CLANG_WARN_SUSPICIOUS_MOVES = YES;
				CLANG_WARN_UNREACHABLE_CODE = YES;
				CLANG_WARN__DUPLICATE_METHOD_MATCH = YES;
				"CODE_SIGN_IDENTITY[sdk=iphoneos*]" = "iPhone Developer";
				COPY_PHASE_STRIP = NO;
				DEBUG_INFORMATION_FORMAT = dwarf;
				ENABLE_STRICT_OBJC_MSGSEND = YES;
				ENABLE_TESTABILITY = YES;
				GCC_C_LANGUAGE_STANDARD = gnu99;
				GCC_DYNAMIC_NO_PIC = NO;
				GCC_NO_COMMON_BLOCKS = YES;
				GCC_OPTIMIZATION_LEVEL = 0;
				GCC_PREPROCESSOR_DEFINITIONS = (
					"DEBUG=1",
					"$(inherited)",
				);
				GCC_WARN_64_TO_32_BIT_CONVERSION = YES;
				GCC_WARN_ABOUT_RETURN_TYPE = YES_ERROR;
				GCC_WARN_UNDECLARED_SELECTOR = YES;
				GCC_WARN_UNINITIALIZED_AUTOS = YES_AGGRESSIVE;
				GCC_WARN_UNUSED_FUNCTION = YES;
				GCC_WARN_UNUSED_VARIABLE = YES;
				IPHONEOS_DEPLOYMENT_TARGET = 10.1;
				MTL_ENABLE_DEBUG_INFO = YES;
				ONLY_ACTIVE_ARCH = YES;
				SDKROOT = iphoneos;
				SWIFT_ACTIVE_COMPILATION_CONDITIONS = DEBUG;
				SWIFT_OPTIMIZATION_LEVEL = "-Onone";
			};
			name = Debug;
		};
		1921F56A1DF55A7400DFD0EA /* Release */ = {
			isa = XCBuildConfiguration;
			buildSettings = {
				ALWAYS_SEARCH_USER_PATHS = NO;
				CLANG_ANALYZER_NONNULL = YES;
				CLANG_CXX_LANGUAGE_STANDARD = "gnu++0x";
				CLANG_CXX_LIBRARY = "libc++";
				CLANG_ENABLE_MODULES = YES;
				CLANG_ENABLE_OBJC_ARC = YES;
				CLANG_WARN_BOOL_CONVERSION = YES;
				CLANG_WARN_CONSTANT_CONVERSION = YES;
				CLANG_WARN_DIRECT_OBJC_ISA_USAGE = YES_ERROR;
				CLANG_WARN_DOCUMENTATION_COMMENTS = YES;
				CLANG_WARN_EMPTY_BODY = YES;
				CLANG_WARN_ENUM_CONVERSION = YES;
				CLANG_WARN_INFINITE_RECURSION = YES;
				CLANG_WARN_INT_CONVERSION = YES;
				CLANG_WARN_OBJC_ROOT_CLASS = YES_ERROR;
				CLANG_WARN_SUSPICIOUS_MOVES = YES;
				CLANG_WARN_UNREACHABLE_CODE = YES;
				CLANG_WARN__DUPLICATE_METHOD_MATCH = YES;
				"CODE_SIGN_IDENTITY[sdk=iphoneos*]" = "iPhone Developer";
				COPY_PHASE_STRIP = NO;
				DEBUG_INFORMATION_FORMAT = "dwarf-with-dsym";
				ENABLE_NS_ASSERTIONS = NO;
				ENABLE_STRICT_OBJC_MSGSEND = YES;
				GCC_C_LANGUAGE_STANDARD = gnu99;
				GCC_NO_COMMON_BLOCKS = YES;
				GCC_WARN_64_TO_32_BIT_CONVERSION = YES;
				GCC_WARN_ABOUT_RETURN_TYPE = YES_ERROR;
				GCC_WARN_UNDECLARED_SELECTOR = YES;
				GCC_WARN_UNINITIALIZED_AUTOS = YES_AGGRESSIVE;
				GCC_WARN_UNUSED_FUNCTION = YES;
				GCC_WARN_UNUSED_VARIABLE = YES;
				IPHONEOS_DEPLOYMENT_TARGET = 10.1;
				MTL_ENABLE_DEBUG_INFO = NO;
				SDKROOT = iphoneos;
				SWIFT_OPTIMIZATION_LEVEL = "-Owholemodule";
				VALIDATE_PRODUCT = YES;
			};
			name = Release;
		};
		1921F56C1DF55A7400DFD0EA /* Debug */ = {
			isa = XCBuildConfiguration;
			buildSettings = {
				ASSETCATALOG_COMPILER_APPICON_NAME = AppIcon;
				DEVELOPMENT_TEAM = P4JVA28GY3;
				INFOPLIST_FILE = CoreGraph/Info.plist;
				IPHONEOS_DEPLOYMENT_TARGET = 8.0;
				LD_RUNPATH_SEARCH_PATHS = "$(inherited) @executable_path/Frameworks";
				PRODUCT_BUNDLE_IDENTIFIER = com.theoryx.testapp;
				PRODUCT_NAME = "$(TARGET_NAME)";
				SWIFT_VERSION = 3.0;
			};
			name = Debug;
		};
		1921F56D1DF55A7400DFD0EA /* Release */ = {
			isa = XCBuildConfiguration;
			buildSettings = {
				ASSETCATALOG_COMPILER_APPICON_NAME = AppIcon;
				DEVELOPMENT_TEAM = P4JVA28GY3;
				INFOPLIST_FILE = CoreGraph/Info.plist;
				IPHONEOS_DEPLOYMENT_TARGET = 8.0;
				LD_RUNPATH_SEARCH_PATHS = "$(inherited) @executable_path/Frameworks";
				PRODUCT_BUNDLE_IDENTIFIER = com.theoryx.testapp;
				PRODUCT_NAME = "$(TARGET_NAME)";
				SWIFT_VERSION = 3.0;
			};
			name = Release;
		};
/* End XCBuildConfiguration section */

/* Begin XCConfigurationList section */
		1921F5541DF55A7400DFD0EA /* Build configuration list for PBXProject "CoreGraph" */ = {
			isa = XCConfigurationList;
			buildConfigurations = (
				1921F5691DF55A7400DFD0EA /* Debug */,
				1921F56A1DF55A7400DFD0EA /* Release */,
			);
			defaultConfigurationIsVisible = 0;
			defaultConfigurationName = Release;
		};
		1921F56B1DF55A7400DFD0EA /* Build configuration list for PBXNativeTarget "CoreGraph" */ = {
			isa = XCConfigurationList;
			buildConfigurations = (
				1921F56C1DF55A7400DFD0EA /* Debug */,
				1921F56D1DF55A7400DFD0EA /* Release */,
			);
			defaultConfigurationIsVisible = 0;
		};
/* End XCConfigurationList section */
	};
	rootObject = 1921F5511DF55A7400DFD0EA /* Project object */;
}
