// !$*UTF8*$!
{
	archiveVersion = 1;
	classes = {
	};
	objectVersion = 46;
	objects = {

/* Begin PBXBuildFile section */
		1953391E1E51933400E7B71A /* AppDelegate.swift in Sources */ = {isa = PBXBuildFile; fileRef = 1953391D1E51933400E7B71A /* AppDelegate.swift */; };
		195339201E51933400E7B71A /* ViewController.swift in Sources */ = {isa = PBXBuildFile; fileRef = 1953391F1E51933400E7B71A /* ViewController.swift */; };
		195339231E51933400E7B71A /* Main.storyboard in Resources */ = {isa = PBXBuildFile; fileRef = 195339211E51933400E7B71A /* Main.storyboard */; };
		195339251E51933400E7B71A /* Assets.xcassets in Resources */ = {isa = PBXBuildFile; fileRef = 195339241E51933400E7B71A /* Assets.xcassets */; };
		195339281E51933400E7B71A /* LaunchScreen.storyboard in Resources */ = {isa = PBXBuildFile; fileRef = 195339261E51933400E7B71A /* LaunchScreen.storyboard */; };
/* End PBXBuildFile section */

/* Begin PBXFileReference section */
		1953391A1E51933400E7B71A /* What Next.app */ = {isa = PBXFileReference; explicitFileType = wrapper.application; includeInIndex = 0; path = "What Next.app"; sourceTree = BUILT_PRODUCTS_DIR; };
		1953391D1E51933400E7B71A /* AppDelegate.swift */ = {isa = PBXFileReference; lastKnownFileType = sourcecode.swift; path = AppDelegate.swift; sourceTree = "<group>"; };
		1953391F1E51933400E7B71A /* ViewController.swift */ = {isa = PBXFileReference; lastKnownFileType = sourcecode.swift; path = ViewController.swift; sourceTree = "<group>"; };
		195339221E51933400E7B71A /* Base */ = {isa = PBXFileReference; lastKnownFileType = file.storyboard; name = Base; path = Base.lproj/Main.storyboard; sourceTree = "<group>"; };
		195339241E51933400E7B71A /* Assets.xcassets */ = {isa = PBXFileReference; lastKnownFileType = folder.assetcatalog; path = Assets.xcassets; sourceTree = "<group>"; };
		195339271E51933400E7B71A /* Base */ = {isa = PBXFileReference; lastKnownFileType = file.storyboard; name = Base; path = Base.lproj/LaunchScreen.storyboard; sourceTree = "<group>"; };
		195339291E51933400E7B71A /* Info.plist */ = {isa = PBXFileReference; lastKnownFileType = text.plist.xml; path = Info.plist; sourceTree = "<group>"; };
/* End PBXFileReference section */

/* Begin PBXFrameworksBuildPhase section */
		195339171E51933400E7B71A /* Frameworks */ = {
			isa = PBXFrameworksBuildPhase;
			buildActionMask = 2147483647;
			files = (
			);
			runOnlyForDeploymentPostprocessing = 0;
		};
/* End PBXFrameworksBuildPhase section */

/* Begin PBXGroup section */
		195339111E51933400E7B71A = {
			isa = PBXGroup;
			children = (
				1953391C1E51933400E7B71A /* What Next */,
				1953391B1E51933400E7B71A /* Products */,
			);
			sourceTree = "<group>";
		};
		1953391B1E51933400E7B71A /* Products */ = {
			isa = PBXGroup;
			children = (
				1953391A1E51933400E7B71A /* What Next.app */,
			);
			name = Products;
			sourceTree = "<group>";
		};
		1953391C1E51933400E7B71A /* What Next */ = {
			isa = PBXGroup;
			children = (
				1953391D1E51933400E7B71A /* AppDelegate.swift */,
				1953391F1E51933400E7B71A /* ViewController.swift */,
				195339211E51933400E7B71A /* Main.storyboard */,
				195339241E51933400E7B71A /* Assets.xcassets */,
				195339261E51933400E7B71A /* LaunchScreen.storyboard */,
				195339291E51933400E7B71A /* Info.plist */,
			);
			path = "What Next";
			sourceTree = "<group>";
		};
/* End PBXGroup section */

/* Begin PBXNativeTarget section */
		195339191E51933400E7B71A /* What Next */ = {
			isa = PBXNativeTarget;
			buildConfigurationList = 1953392C1E51933400E7B71A /* Build configuration list for PBXNativeTarget "What Next" */;
			buildPhases = (
				195339161E51933400E7B71A /* Sources */,
				195339171E51933400E7B71A /* Frameworks */,
				195339181E51933400E7B71A /* Resources */,
			);
			buildRules = (
			);
			dependencies = (
			);
			name = "What Next";
			productName = "What Next";
			productReference = 1953391A1E51933400E7B71A /* What Next.app */;
			productType = "com.apple.product-type.application";
		};
/* End PBXNativeTarget section */

/* Begin PBXProject section */
		195339121E51933400E7B71A /* Project object */ = {
			isa = PBXProject;
			attributes = {
				LastSwiftUpdateCheck = 0820;
				LastUpgradeCheck = 0820;
				ORGANIZATIONNAME = Oryx;
				TargetAttributes = {
					195339191E51933400E7B71A = {
						CreatedOnToolsVersion = 8.2.1;
						DevelopmentTeam = P4JVA28GY3;
						ProvisioningStyle = Automatic;
					};
				};
			};
			buildConfigurationList = 195339151E51933400E7B71A /* Build configuration list for PBXProject "What Next" */;
			compatibilityVersion = "Xcode 3.2";
			developmentRegion = English;
			hasScannedForEncodings = 0;
			knownRegions = (
				en,
				Base,
			);
			mainGroup = 195339111E51933400E7B71A;
			productRefGroup = 1953391B1E51933400E7B71A /* Products */;
			projectDirPath = "";
			projectRoot = "";
			targets = (
				195339191E51933400E7B71A /* What Next */,
			);
		};
/* End PBXProject section */

/* Begin PBXResourcesBuildPhase section */
		195339181E51933400E7B71A /* Resources */ = {
			isa = PBXResourcesBuildPhase;
			buildActionMask = 2147483647;
			files = (
				195339281E51933400E7B71A /* LaunchScreen.storyboard in Resources */,
				195339251E51933400E7B71A /* Assets.xcassets in Resources */,
				195339231E51933400E7B71A /* Main.storyboard in Resources */,
			);
			runOnlyForDeploymentPostprocessing = 0;
		};
/* End PBXResourcesBuildPhase section */

/* Begin PBXSourcesBuildPhase section */
		195339161E51933400E7B71A /* Sources */ = {
			isa = PBXSourcesBuildPhase;
			buildActionMask = 2147483647;
			files = (
				195339201E51933400E7B71A /* ViewController.swift in Sources */,
				1953391E1E51933400E7B71A /* AppDelegate.swift in Sources */,
			);
			runOnlyForDeploymentPostprocessing = 0;
		};
/* End PBXSourcesBuildPhase section */

/* Begin PBXVariantGroup section */
		195339211E51933400E7B71A /* Main.storyboard */ = {
			isa = PBXVariantGroup;
			children = (
				195339221E51933400E7B71A /* Base */,
			);
			name = Main.storyboard;
			sourceTree = "<group>";
		};
		195339261E51933400E7B71A /* LaunchScreen.storyboard */ = {
			isa = PBXVariantGroup;
			children = (
				195339271E51933400E7B71A /* Base */,
			);
			name = LaunchScreen.storyboard;
			sourceTree = "<group>";
		};
/* End PBXVariantGroup section */

/* Begin XCBuildConfiguration section */
		1953392A1E51933400E7B71A /* Debug */ = {
			isa = XCBuildConfiguration;
			buildSettings = {
				ALWAYS_SEARCH_USER_PATHS = NO;
				CLANG_ANALYZER_NONNULL = YES;
				CLANG_CXX_LANGUAGE_STANDARD = "gnu++0x";
				CLANG_CXX_LIBRARY = "libc++";
				CLANG_ENABLE_MODULES = YES;
				CLANG_ENABLE_OBJC_ARC = YES;
				CLANG_WARN_BOOL_CONVERSION = YES;
				CLANG_WARN_CONSTANT_CONVERSION = YES;
				CLANG_WARN_DIRECT_OBJC_ISA_USAGE = YES_ERROR;
				CLANG_WARN_DOCUMENTATION_COMMENTS = YES;
				CLANG_WARN_EMPTY_BODY = YES;
				CLANG_WARN_ENUM_CONVERSION = YES;
				CLANG_WARN_INFINITE_RECURSION = YES;
				CLANG_WARN_INT_CONVERSION = YES;
				CLANG_WARN_OBJC_ROOT_CLASS = YES_ERROR;
				CLANG_WARN_SUSPICIOUS_MOVE = YES;
				CLANG_WARN_UNREACHABLE_CODE = YES;
				CLANG_WARN__DUPLICATE_METHOD_MATCH = YES;
				"CODE_SIGN_IDENTITY[sdk=iphoneos*]" = "iPhone Developer";
				COPY_PHASE_STRIP = NO;
				DEBUG_INFORMATION_FORMAT = dwarf;
				ENABLE_STRICT_OBJC_MSGSEND = YES;
				ENABLE_TESTABILITY = YES;
				GCC_C_LANGUAGE_STANDARD = gnu99;
				GCC_DYNAMIC_NO_PIC = NO;
				GCC_NO_COMMON_BLOCKS = YES;
				GCC_OPTIMIZATION_LEVEL = 0;
				GCC_PREPROCESSOR_DEFINITIONS = (
					"DEBUG=1",
					"$(inherited)",
				);
				GCC_WARN_64_TO_32_BIT_CONVERSION = YES;
				GCC_WARN_ABOUT_RETURN_TYPE = YES_ERROR;
				GCC_WARN_UNDECLARED_SELECTOR = YES;
				GCC_WARN_UNINITIALIZED_AUTOS = YES_AGGRESSIVE;
				GCC_WARN_UNUSED_FUNCTION = YES;
				GCC_WARN_UNUSED_VARIABLE = YES;
				IPHONEOS_DEPLOYMENT_TARGET = 10.2;
				MTL_ENABLE_DEBUG_INFO = YES;
				ONLY_ACTIVE_ARCH = YES;
				SDKROOT = iphoneos;
				SWIFT_ACTIVE_COMPILATION_CONDITIONS = DEBUG;
				SWIFT_OPTIMIZATION_LEVEL = "-Onone";
			};
			name = Debug;
		};
		1953392B1E51933400E7B71A /* Release */ = {
			isa = XCBuildConfiguration;
			buildSettings = {
				ALWAYS_SEARCH_USER_PATHS = NO;
				CLANG_ANALYZER_NONNULL = YES;
				CLANG_CXX_LANGUAGE_STANDARD = "gnu++0x";
				CLANG_CXX_LIBRARY = "libc++";
				CLANG_ENABLE_MODULES = YES;
				CLANG_ENABLE_OBJC_ARC = YES;
				CLANG_WARN_BOOL_CONVERSION = YES;
				CLANG_WARN_CONSTANT_CONVERSION = YES;
				CLANG_WARN_DIRECT_OBJC_ISA_USAGE = YES_ERROR;
				CLANG_WARN_DOCUMENTATION_COMMENTS = YES;
				CLANG_WARN_EMPTY_BODY = YES;
				CLANG_WARN_ENUM_CONVERSION = YES;
				CLANG_WARN_INFINITE_RECURSION = YES;
				CLANG_WARN_INT_CONVERSION = YES;
				CLANG_WARN_OBJC_ROOT_CLASS = YES_ERROR;
				CLANG_WARN_SUSPICIOUS_MOVE = YES;
				CLANG_WARN_UNREACHABLE_CODE = YES;
				CLANG_WARN__DUPLICATE_METHOD_MATCH = YES;
				"CODE_SIGN_IDENTITY[sdk=iphoneos*]" = "iPhone Developer";
				COPY_PHASE_STRIP = NO;
				DEBUG_INFORMATION_FORMAT = "dwarf-with-dsym";
				ENABLE_NS_ASSERTIONS = NO;
				ENABLE_STRICT_OBJC_MSGSEND = YES;
				GCC_C_LANGUAGE_STANDARD = gnu99;
				GCC_NO_COMMON_BLOCKS = YES;
				GCC_WARN_64_TO_32_BIT_CONVERSION = YES;
				GCC_WARN_ABOUT_RETURN_TYPE = YES_ERROR;
				GCC_WARN_UNDECLARED_SELECTOR = YES;
				GCC_WARN_UNINITIALIZED_AUTOS = YES_AGGRESSIVE;
				GCC_WARN_UNUSED_FUNCTION = YES;
				GCC_WARN_UNUSED_VARIABLE = YES;
				IPHONEOS_DEPLOYMENT_TARGET = 10.2;
				MTL_ENABLE_DEBUG_INFO = NO;
				SDKROOT = iphoneos;
				SWIFT_OPTIMIZATION_LEVEL = "-Owholemodule";
				VALIDATE_PRODUCT = YES;
			};
			name = Release;
		};
		1953392D1E51933400E7B71A /* Debug */ = {
			isa = XCBuildConfiguration;
			buildSettings = {
				ASSETCATALOG_COMPILER_APPICON_NAME = AppIcon;
				DEVELOPMENT_TEAM = P4JVA28GY3;
				INFOPLIST_FILE = "What Next/Info.plist";
				IPHONEOS_DEPLOYMENT_TARGET = 9.0;
				LD_RUNPATH_SEARCH_PATHS = "$(inherited) @executable_path/Frameworks";
				PRODUCT_BUNDLE_IDENTIFIER = com.theoryx.next;
				PRODUCT_NAME = "$(TARGET_NAME)";
				SWIFT_VERSION = 3.0;
			};
			name = Debug;
		};
		1953392E1E51933400E7B71A /* Release */ = {
			isa = XCBuildConfiguration;
			buildSettings = {
				ASSETCATALOG_COMPILER_APPICON_NAME = AppIcon;
				DEVELOPMENT_TEAM = P4JVA28GY3;
				INFOPLIST_FILE = "What Next/Info.plist";
				IPHONEOS_DEPLOYMENT_TARGET = 9.0;
				LD_RUNPATH_SEARCH_PATHS = "$(inherited) @executable_path/Frameworks";
				PRODUCT_BUNDLE_IDENTIFIER = com.theoryx.next;
				PRODUCT_NAME = "$(TARGET_NAME)";
				SWIFT_VERSION = 3.0;
			};
			name = Release;
		};
/* End XCBuildConfiguration section */

/* Begin XCConfigurationList section */
		195339151E51933400E7B71A /* Build configuration list for PBXProject "What Next" */ = {
			isa = XCConfigurationList;
			buildConfigurations = (
				1953392A1E51933400E7B71A /* Debug */,
				1953392B1E51933400E7B71A /* Release */,
			);
			defaultConfigurationIsVisible = 0;
			defaultConfigurationName = Release;
		};
		1953392C1E51933400E7B71A /* Build configuration list for PBXNativeTarget "What Next" */ = {
			isa = XCConfigurationList;
			buildConfigurations = (
				1953392D1E51933400E7B71A /* Debug */,
				1953392E1E51933400E7B71A /* Release */,
			);
			defaultConfigurationIsVisible = 0;
		};
/* End XCConfigurationList section */
	};
	rootObject = 195339121E51933400E7B71A /* Project object */;
}
