// !$*UTF8*$!
{
	archiveVersion = 1;
	classes = {
	};
	objectVersion = 46;
	objects = {

/* Begin PBXBuildFile section */
		19E685B01D9BEF7300C9CF0E /* AppDelegate.swift in Sources */ = {isa = PBXBuildFile; fileRef = 19E685AF1D9BEF7300C9CF0E /* AppDelegate.swift */; };
		19E685B21D9BEF7300C9CF0E /* ViewController.swift in Sources */ = {isa = PBXBuildFile; fileRef = 19E685B11D9BEF7300C9CF0E /* ViewController.swift */; };
		19E685B51D9BEF7300C9CF0E /* Main.storyboard in Resources */ = {isa = PBXBuildFile; fileRef = 19E685B31D9BEF7300C9CF0E /* Main.storyboard */; };
		19E685B71D9BEF7300C9CF0E /* Assets.xcassets in Resources */ = {isa = PBXBuildFile; fileRef = 19E685B61D9BEF7300C9CF0E /* Assets.xcassets */; };
		19E685BA1D9BEF7300C9CF0E /* LaunchScreen.storyboard in Resources */ = {isa = PBXBuildFile; fileRef = 19E685B81D9BEF7300C9CF0E /* LaunchScreen.storyboard */; };
		19E685C51D9BEF7300C9CF0E /* UnitTestingTests.swift in Sources */ = {isa = PBXBuildFile; fileRef = 19E685C41D9BEF7300C9CF0E /* UnitTestingTests.swift */; };
		19E685D01D9BEF7300C9CF0E /* UnitTestingUITests.swift in Sources */ = {isa = PBXBuildFile; fileRef = 19E685CF1D9BEF7300C9CF0E /* UnitTestingUITests.swift */; };
		19E685E31D9BFB6700C9CF0E /* AppTests.swift in Sources */ = {isa = PBXBuildFile; fileRef = 19E685E21D9BFB6700C9CF0E /* AppTests.swift */; };
/* End PBXBuildFile section */

/* Begin PBXContainerItemProxy section */
		19E685C11D9BEF7300C9CF0E /* PBXContainerItemProxy */ = {
			isa = PBXContainerItemProxy;
			containerPortal = 19E685A41D9BEF7300C9CF0E /* Project object */;
			proxyType = 1;
			remoteGlobalIDString = 19E685AB1D9BEF7300C9CF0E;
			remoteInfo = UnitTesting;
		};
		19E685CC1D9BEF7300C9CF0E /* PBXContainerItemProxy */ = {
			isa = PBXContainerItemProxy;
			containerPortal = 19E685A41D9BEF7300C9CF0E /* Project object */;
			proxyType = 1;
			remoteGlobalIDString = 19E685AB1D9BEF7300C9CF0E;
			remoteInfo = UnitTesting;
		};
/* End PBXContainerItemProxy section */

/* Begin PBXFileReference section */
		19E685AC1D9BEF7300C9CF0E /* UnitTesting.app */ = {isa = PBXFileReference; explicitFileType = wrapper.application; includeInIndex = 0; path = UnitTesting.app; sourceTree = BUILT_PRODUCTS_DIR; };
		19E685AF1D9BEF7300C9CF0E /* AppDelegate.swift */ = {isa = PBXFileReference; lastKnownFileType = sourcecode.swift; path = AppDelegate.swift; sourceTree = "<group>"; };
		19E685B11D9BEF7300C9CF0E /* ViewController.swift */ = {isa = PBXFileReference; lastKnownFileType = sourcecode.swift; path = ViewController.swift; sourceTree = "<group>"; };
		19E685B41D9BEF7300C9CF0E /* Base */ = {isa = PBXFileReference; lastKnownFileType = file.storyboard; name = Base; path = Base.lproj/Main.storyboard; sourceTree = "<group>"; };
		19E685B61D9BEF7300C9CF0E /* Assets.xcassets */ = {isa = PBXFileReference; lastKnownFileType = folder.assetcatalog; path = Assets.xcassets; sourceTree = "<group>"; };
		19E685B91D9BEF7300C9CF0E /* Base */ = {isa = PBXFileReference; lastKnownFileType = file.storyboard; name = Base; path = Base.lproj/LaunchScreen.storyboard; sourceTree = "<group>"; };
		19E685BB1D9BEF7300C9CF0E /* Info.plist */ = {isa = PBXFileReference; lastKnownFileType = text.plist.xml; path = Info.plist; sourceTree = "<group>"; };
		19E685C01D9BEF7300C9CF0E /* UnitTestingTests.xctest */ = {isa = PBXFileReference; explicitFileType = wrapper.cfbundle; includeInIndex = 0; path = UnitTestingTests.xctest; sourceTree = BUILT_PRODUCTS_DIR; };
		19E685C41D9BEF7300C9CF0E /* UnitTestingTests.swift */ = {isa = PBXFileReference; lastKnownFileType = sourcecode.swift; path = UnitTestingTests.swift; sourceTree = "<group>"; };
		19E685C61D9BEF7300C9CF0E /* Info.plist */ = {isa = PBXFileReference; lastKnownFileType = text.plist.xml; path = Info.plist; sourceTree = "<group>"; };
		19E685CB1D9BEF7300C9CF0E /* UnitTestingUITests.xctest */ = {isa = PBXFileReference; explicitFileType = wrapper.cfbundle; includeInIndex = 0; path = UnitTestingUITests.xctest; sourceTree = BUILT_PRODUCTS_DIR; };
		19E685CF1D9BEF7300C9CF0E /* UnitTestingUITests.swift */ = {isa = PBXFileReference; lastKnownFileType = sourcecode.swift; path = UnitTestingUITests.swift; sourceTree = "<group>"; };
		19E685D11D9BEF7300C9CF0E /* Info.plist */ = {isa = PBXFileReference; lastKnownFileType = text.plist.xml; path = Info.plist; sourceTree = "<group>"; };
		19E685E21D9BFB6700C9CF0E /* AppTests.swift */ = {isa = PBXFileReference; fileEncoding = 4; lastKnownFileType = sourcecode.swift; path = AppTests.swift; sourceTree = "<group>"; };
/* End PBXFileReference section */

/* Begin PBXFrameworksBuildPhase section */
		19E685A91D9BEF7300C9CF0E /* Frameworks */ = {
			isa = PBXFrameworksBuildPhase;
			buildActionMask = 2147483647;
			files = (
			);
			runOnlyForDeploymentPostprocessing = 0;
		};
		19E685BD1D9BEF7300C9CF0E /* Frameworks */ = {
			isa = PBXFrameworksBuildPhase;
			buildActionMask = 2147483647;
			files = (
			);
			runOnlyForDeploymentPostprocessing = 0;
		};
		19E685C81D9BEF7300C9CF0E /* Frameworks */ = {
			isa = PBXFrameworksBuildPhase;
			buildActionMask = 2147483647;
			files = (
			);
			runOnlyForDeploymentPostprocessing = 0;
		};
/* End PBXFrameworksBuildPhase section */

/* Begin PBXGroup section */
		19E685A31D9BEF7300C9CF0E = {
			isa = PBXGroup;
			children = (
				19E685AE1D9BEF7300C9CF0E /* UnitTesting */,
				19E685C31D9BEF7300C9CF0E /* UnitTestingTests */,
				19E685CE1D9BEF7300C9CF0E /* UnitTestingUITests */,
				19E685AD1D9BEF7300C9CF0E /* Products */,
			);
			sourceTree = "<group>";
		};
		19E685AD1D9BEF7300C9CF0E /* Products */ = {
			isa = PBXGroup;
			children = (
				19E685AC1D9BEF7300C9CF0E /* UnitTesting.app */,
				19E685C01D9BEF7300C9CF0E /* UnitTestingTests.xctest */,
				19E685CB1D9BEF7300C9CF0E /* UnitTestingUITests.xctest */,
			);
			name = Products;
			sourceTree = "<group>";
		};
		19E685AE1D9BEF7300C9CF0E /* UnitTesting */ = {
			isa = PBXGroup;
			children = (
				19E685E11D9BFB5300C9CF0E /* Tests */,
				19E685AF1D9BEF7300C9CF0E /* AppDelegate.swift */,
				19E685B11D9BEF7300C9CF0E /* ViewController.swift */,
				19E685B31D9BEF7300C9CF0E /* Main.storyboard */,
				19E685B61D9BEF7300C9CF0E /* Assets.xcassets */,
				19E685B81D9BEF7300C9CF0E /* LaunchScreen.storyboard */,
				19E685BB1D9BEF7300C9CF0E /* Info.plist */,
			);
			path = UnitTesting;
			sourceTree = "<group>";
		};
		19E685C31D9BEF7300C9CF0E /* UnitTestingTests */ = {
			isa = PBXGroup;
			children = (
				19E685C41D9BEF7300C9CF0E /* UnitTestingTests.swift */,
				19E685C61D9BEF7300C9CF0E /* Info.plist */,
			);
			path = UnitTestingTests;
			sourceTree = "<group>";
		};
		19E685CE1D9BEF7300C9CF0E /* UnitTestingUITests */ = {
			isa = PBXGroup;
			children = (
				19E685CF1D9BEF7300C9CF0E /* UnitTestingUITests.swift */,
				19E685D11D9BEF7300C9CF0E /* Info.plist */,
			);
			path = UnitTestingUITests;
			sourceTree = "<group>";
		};
		19E685E11D9BFB5300C9CF0E /* Tests */ = {
			isa = PBXGroup;
			children = (
				19E685E21D9BFB6700C9CF0E /* AppTests.swift */,
			);
			name = Tests;
			sourceTree = "<group>";
		};
/* End PBXGroup section */

/* Begin PBXNativeTarget section */
		19E685AB1D9BEF7300C9CF0E /* UnitTesting */ = {
			isa = PBXNativeTarget;
			buildConfigurationList = 19E685D41D9BEF7300C9CF0E /* Build configuration list for PBXNativeTarget "UnitTesting" */;
			buildPhases = (
				19E685A81D9BEF7300C9CF0E /* Sources */,
				19E685A91D9BEF7300C9CF0E /* Frameworks */,
				19E685AA1D9BEF7300C9CF0E /* Resources */,
			);
			buildRules = (
			);
			dependencies = (
			);
			name = UnitTesting;
			productName = UnitTesting;
			productReference = 19E685AC1D9BEF7300C9CF0E /* UnitTesting.app */;
			productType = "com.apple.product-type.application";
		};
		19E685BF1D9BEF7300C9CF0E /* UnitTestingTests */ = {
			isa = PBXNativeTarget;
			buildConfigurationList = 19E685D71D9BEF7300C9CF0E /* Build configuration list for PBXNativeTarget "UnitTestingTests" */;
			buildPhases = (
				19E685BC1D9BEF7300C9CF0E /* Sources */,
				19E685BD1D9BEF7300C9CF0E /* Frameworks */,
				19E685BE1D9BEF7300C9CF0E /* Resources */,
			);
			buildRules = (
			);
			dependencies = (
				19E685C21D9BEF7300C9CF0E /* PBXTargetDependency */,
			);
			name = UnitTestingTests;
			productName = UnitTestingTests;
			productReference = 19E685C01D9BEF7300C9CF0E /* UnitTestingTests.xctest */;
			productType = "com.apple.product-type.bundle.unit-test";
		};
		19E685CA1D9BEF7300C9CF0E /* UnitTestingUITests */ = {
			isa = PBXNativeTarget;
			buildConfigurationList = 19E685DA1D9BEF7300C9CF0E /* Build configuration list for PBXNativeTarget "UnitTestingUITests" */;
			buildPhases = (
				19E685C71D9BEF7300C9CF0E /* Sources */,
				19E685C81D9BEF7300C9CF0E /* Frameworks */,
				19E685C91D9BEF7300C9CF0E /* Resources */,
			);
			buildRules = (
			);
			dependencies = (
				19E685CD1D9BEF7300C9CF0E /* PBXTargetDependency */,
			);
			name = UnitTestingUITests;
			productName = UnitTestingUITests;
			productReference = 19E685CB1D9BEF7300C9CF0E /* UnitTestingUITests.xctest */;
			productType = "com.apple.product-type.bundle.ui-testing";
		};
/* End PBXNativeTarget section */

/* Begin PBXProject section */
		19E685A41D9BEF7300C9CF0E /* Project object */ = {
			isa = PBXProject;
			attributes = {
				LastSwiftUpdateCheck = 0800;
				LastUpgradeCheck = 0800;
				ORGANIZATIONNAME = archangel;
				TargetAttributes = {
					19E685AB1D9BEF7300C9CF0E = {
						CreatedOnToolsVersion = 8.0;
						DevelopmentTeam = P4JVA28GY3;
						ProvisioningStyle = Automatic;
					};
					19E685BF1D9BEF7300C9CF0E = {
						CreatedOnToolsVersion = 8.0;
						DevelopmentTeam = P4JVA28GY3;
						ProvisioningStyle = Automatic;
						TestTargetID = 19E685AB1D9BEF7300C9CF0E;
					};
					19E685CA1D9BEF7300C9CF0E = {
						CreatedOnToolsVersion = 8.0;
						DevelopmentTeam = P4JVA28GY3;
						ProvisioningStyle = Automatic;
						TestTargetID = 19E685AB1D9BEF7300C9CF0E;
					};
				};
			};
			buildConfigurationList = 19E685A71D9BEF7300C9CF0E /* Build configuration list for PBXProject "UnitTesting" */;
			compatibilityVersion = "Xcode 3.2";
			developmentRegion = English;
			hasScannedForEncodings = 0;
			knownRegions = (
				en,
				Base,
			);
			mainGroup = 19E685A31D9BEF7300C9CF0E;
			productRefGroup = 19E685AD1D9BEF7300C9CF0E /* Products */;
			projectDirPath = "";
			projectRoot = "";
			targets = (
				19E685AB1D9BEF7300C9CF0E /* UnitTesting */,
				19E685BF1D9BEF7300C9CF0E /* UnitTestingTests */,
				19E685CA1D9BEF7300C9CF0E /* UnitTestingUITests */,
			);
		};
/* End PBXProject section */

/* Begin PBXResourcesBuildPhase section */
		19E685AA1D9BEF7300C9CF0E /* Resources */ = {
			isa = PBXResourcesBuildPhase;
			buildActionMask = 2147483647;
			files = (
				19E685BA1D9BEF7300C9CF0E /* LaunchScreen.storyboard in Resources */,
				19E685B71D9BEF7300C9CF0E /* Assets.xcassets in Resources */,
				19E685B51D9BEF7300C9CF0E /* Main.storyboard in Resources */,
			);
			runOnlyForDeploymentPostprocessing = 0;
		};
		19E685BE1D9BEF7300C9CF0E /* Resources */ = {
			isa = PBXResourcesBuildPhase;
			buildActionMask = 2147483647;
			files = (
			);
			runOnlyForDeploymentPostprocessing = 0;
		};
		19E685C91D9BEF7300C9CF0E /* Resources */ = {
			isa = PBXResourcesBuildPhase;
			buildActionMask = 2147483647;
			files = (
			);
			runOnlyForDeploymentPostprocessing = 0;
		};
/* End PBXResourcesBuildPhase section */

/* Begin PBXSourcesBuildPhase section */
		19E685A81D9BEF7300C9CF0E /* Sources */ = {
			isa = PBXSourcesBuildPhase;
			buildActionMask = 2147483647;
			files = (
				19E685B21D9BEF7300C9CF0E /* ViewController.swift in Sources */,
				19E685B01D9BEF7300C9CF0E /* AppDelegate.swift in Sources */,
			);
			runOnlyForDeploymentPostprocessing = 0;
		};
		19E685BC1D9BEF7300C9CF0E /* Sources */ = {
			isa = PBXSourcesBuildPhase;
			buildActionMask = 2147483647;
			files = (
				19E685C51D9BEF7300C9CF0E /* UnitTestingTests.swift in Sources */,
				19E685E31D9BFB6700C9CF0E /* AppTests.swift in Sources */,
			);
			runOnlyForDeploymentPostprocessing = 0;
		};
		19E685C71D9BEF7300C9CF0E /* Sources */ = {
			isa = PBXSourcesBuildPhase;
			buildActionMask = 2147483647;
			files = (
				19E685D01D9BEF7300C9CF0E /* UnitTestingUITests.swift in Sources */,
			);
			runOnlyForDeploymentPostprocessing = 0;
		};
/* End PBXSourcesBuildPhase section */

/* Begin PBXTargetDependency section */
		19E685C21D9BEF7300C9CF0E /* PBXTargetDependency */ = {
			isa = PBXTargetDependency;
			target = 19E685AB1D9BEF7300C9CF0E /* UnitTesting */;
			targetProxy = 19E685C11D9BEF7300C9CF0E /* PBXContainerItemProxy */;
		};
		19E685CD1D9BEF7300C9CF0E /* PBXTargetDependency */ = {
			isa = PBXTargetDependency;
			target = 19E685AB1D9BEF7300C9CF0E /* UnitTesting */;
			targetProxy = 19E685CC1D9BEF7300C9CF0E /* PBXContainerItemProxy */;
		};
/* End PBXTargetDependency section */

/* Begin PBXVariantGroup section */
		19E685B31D9BEF7300C9CF0E /* Main.storyboard */ = {
			isa = PBXVariantGroup;
			children = (
				19E685B41D9BEF7300C9CF0E /* Base */,
			);
			name = Main.storyboard;
			sourceTree = "<group>";
		};
		19E685B81D9BEF7300C9CF0E /* LaunchScreen.storyboard */ = {
			isa = PBXVariantGroup;
			children = (
				19E685B91D9BEF7300C9CF0E /* Base */,
			);
			name = LaunchScreen.storyboard;
			sourceTree = "<group>";
		};
/* End PBXVariantGroup section */

/* Begin XCBuildConfiguration section */
		19E685D21D9BEF7300C9CF0E /* Debug */ = {
			isa = XCBuildConfiguration;
			buildSettings = {
				ALWAYS_SEARCH_USER_PATHS = NO;
				CLANG_ANALYZER_NONNULL = YES;
				CLANG_CXX_LANGUAGE_STANDARD = "gnu++0x";
				CLANG_CXX_LIBRARY = "libc++";
				CLANG_ENABLE_MODULES = YES;
				CLANG_ENABLE_OBJC_ARC = YES;
				CLANG_WARN_BOOL_CONVERSION = YES;
				CLANG_WARN_CONSTANT_CONVERSION = YES;
				CLANG_WARN_DIRECT_OBJC_ISA_USAGE = YES_ERROR;
				CLANG_WARN_DOCUMENTATION_COMMENTS = YES;
				CLANG_WARN_EMPTY_BODY = YES;
				CLANG_WARN_ENUM_CONVERSION = YES;
				CLANG_WARN_INFINITE_RECURSION = YES;
				CLANG_WARN_INT_CONVERSION = YES;
				CLANG_WARN_OBJC_ROOT_CLASS = YES_ERROR;
				CLANG_WARN_SUSPICIOUS_MOVES = YES;
				CLANG_WARN_UNREACHABLE_CODE = YES;
				CLANG_WARN__DUPLICATE_METHOD_MATCH = YES;
				"CODE_SIGN_IDENTITY[sdk=iphoneos*]" = "iPhone Developer";
				COPY_PHASE_STRIP = NO;
				DEBUG_INFORMATION_FORMAT = dwarf;
				ENABLE_STRICT_OBJC_MSGSEND = YES;
				ENABLE_TESTABILITY = YES;
				GCC_C_LANGUAGE_STANDARD = gnu99;
				GCC_DYNAMIC_NO_PIC = NO;
				GCC_NO_COMMON_BLOCKS = YES;
				GCC_OPTIMIZATION_LEVEL = 0;
				GCC_PREPROCESSOR_DEFINITIONS = (
					"DEBUG=1",
					"$(inherited)",
				);
				GCC_WARN_64_TO_32_BIT_CONVERSION = YES;
				GCC_WARN_ABOUT_RETURN_TYPE = YES_ERROR;
				GCC_WARN_UNDECLARED_SELECTOR = YES;
				GCC_WARN_UNINITIALIZED_AUTOS = YES_AGGRESSIVE;
				GCC_WARN_UNUSED_FUNCTION = YES;
				GCC_WARN_UNUSED_VARIABLE = YES;
				IPHONEOS_DEPLOYMENT_TARGET = 10.0;
				MTL_ENABLE_DEBUG_INFO = YES;
				ONLY_ACTIVE_ARCH = YES;
				SDKROOT = iphoneos;
				SWIFT_ACTIVE_COMPILATION_CONDITIONS = DEBUG;
				SWIFT_OPTIMIZATION_LEVEL = "-Onone";
			};
			name = Debug;
		};
		19E685D31D9BEF7300C9CF0E /* Release */ = {
			isa = XCBuildConfiguration;
			buildSettings = {
				ALWAYS_SEARCH_USER_PATHS = NO;
				CLANG_ANALYZER_NONNULL = YES;
				CLANG_CXX_LANGUAGE_STANDARD = "gnu++0x";
				CLANG_CXX_LIBRARY = "libc++";
				CLANG_ENABLE_MODULES = YES;
				CLANG_ENABLE_OBJC_ARC = YES;
				CLANG_WARN_BOOL_CONVERSION = YES;
				CLANG_WARN_CONSTANT_CONVERSION = YES;
				CLANG_WARN_DIRECT_OBJC_ISA_USAGE = YES_ERROR;
				CLANG_WARN_DOCUMENTATION_COMMENTS = YES;
				CLANG_WARN_EMPTY_BODY = YES;
				CLANG_WARN_ENUM_CONVERSION = YES;
				CLANG_WARN_INFINITE_RECURSION = YES;
				CLANG_WARN_INT_CONVERSION = YES;
				CLANG_WARN_OBJC_ROOT_CLASS = YES_ERROR;
				CLANG_WARN_SUSPICIOUS_MOVES = YES;
				CLANG_WARN_UNREACHABLE_CODE = YES;
				CLANG_WARN__DUPLICATE_METHOD_MATCH = YES;
				"CODE_SIGN_IDENTITY[sdk=iphoneos*]" = "iPhone Developer";
				COPY_PHASE_STRIP = NO;
				DEBUG_INFORMATION_FORMAT = "dwarf-with-dsym";
				ENABLE_NS_ASSERTIONS = NO;
				ENABLE_STRICT_OBJC_MSGSEND = YES;
				GCC_C_LANGUAGE_STANDARD = gnu99;
				GCC_NO_COMMON_BLOCKS = YES;
				GCC_WARN_64_TO_32_BIT_CONVERSION = YES;
				GCC_WARN_ABOUT_RETURN_TYPE = YES_ERROR;
				GCC_WARN_UNDECLARED_SELECTOR = YES;
				GCC_WARN_UNINITIALIZED_AUTOS = YES_AGGRESSIVE;
				GCC_WARN_UNUSED_FUNCTION = YES;
				GCC_WARN_UNUSED_VARIABLE = YES;
				IPHONEOS_DEPLOYMENT_TARGET = 10.0;
				MTL_ENABLE_DEBUG_INFO = NO;
				SDKROOT = iphoneos;
				SWIFT_OPTIMIZATION_LEVEL = "-Owholemodule";
				VALIDATE_PRODUCT = YES;
			};
			name = Release;
		};
		19E685D51D9BEF7300C9CF0E /* Debug */ = {
			isa = XCBuildConfiguration;
			buildSettings = {
				ASSETCATALOG_COMPILER_APPICON_NAME = AppIcon;
				DEVELOPMENT_TEAM = P4JVA28GY3;
				INFOPLIST_FILE = UnitTesting/Info.plist;
				IPHONEOS_DEPLOYMENT_TARGET = 8.2;
				LD_RUNPATH_SEARCH_PATHS = "$(inherited) @executable_path/Frameworks";
				PRODUCT_BUNDLE_IDENTIFIER = com.oryx.testapp;
				PRODUCT_NAME = "$(TARGET_NAME)";
				SWIFT_VERSION = 3.0;
			};
			name = Debug;
		};
		19E685D61D9BEF7300C9CF0E /* Release */ = {
			isa = XCBuildConfiguration;
			buildSettings = {
				ASSETCATALOG_COMPILER_APPICON_NAME = AppIcon;
				DEVELOPMENT_TEAM = P4JVA28GY3;
				INFOPLIST_FILE = UnitTesting/Info.plist;
				IPHONEOS_DEPLOYMENT_TARGET = 8.2;
				LD_RUNPATH_SEARCH_PATHS = "$(inherited) @executable_path/Frameworks";
				PRODUCT_BUNDLE_IDENTIFIER = com.oryx.testapp;
				PRODUCT_NAME = "$(TARGET_NAME)";
				SWIFT_VERSION = 3.0;
			};
			name = Release;
		};
		19E685D81D9BEF7300C9CF0E /* Debug */ = {
			isa = XCBuildConfiguration;
			buildSettings = {
				ALWAYS_EMBED_SWIFT_STANDARD_LIBRARIES = YES;
				BUNDLE_LOADER = "$(TEST_HOST)";
				DEVELOPMENT_TEAM = P4JVA28GY3;
				INFOPLIST_FILE = UnitTestingTests/Info.plist;
				LD_RUNPATH_SEARCH_PATHS = "$(inherited) @executable_path/Frameworks @loader_path/Frameworks";
				PRODUCT_BUNDLE_IDENTIFIER = com.oryx.testapp.UnitTestingTests;
				PRODUCT_NAME = "$(TARGET_NAME)";
				SWIFT_VERSION = 3.0;
				TEST_HOST = "$(BUILT_PRODUCTS_DIR)/UnitTesting.app/UnitTesting";
			};
			name = Debug;
		};
		19E685D91D9BEF7300C9CF0E /* Release */ = {
			isa = XCBuildConfiguration;
			buildSettings = {
				ALWAYS_EMBED_SWIFT_STANDARD_LIBRARIES = YES;
				BUNDLE_LOADER = "$(TEST_HOST)";
				DEVELOPMENT_TEAM = P4JVA28GY3;
				INFOPLIST_FILE = UnitTestingTests/Info.plist;
				LD_RUNPATH_SEARCH_PATHS = "$(inherited) @executable_path/Frameworks @loader_path/Frameworks";
				PRODUCT_BUNDLE_IDENTIFIER = com.oryx.testapp.UnitTestingTests;
				PRODUCT_NAME = "$(TARGET_NAME)";
				SWIFT_VERSION = 3.0;
				TEST_HOST = "$(BUILT_PRODUCTS_DIR)/UnitTesting.app/UnitTesting";
			};
			name = Release;
		};
		19E685DB1D9BEF7300C9CF0E /* Debug */ = {
			isa = XCBuildConfiguration;
			buildSettings = {
				ALWAYS_EMBED_SWIFT_STANDARD_LIBRARIES = YES;
				DEVELOPMENT_TEAM = P4JVA28GY3;
				INFOPLIST_FILE = UnitTestingUITests/Info.plist;
				LD_RUNPATH_SEARCH_PATHS = "$(inherited) @executable_path/Frameworks @loader_path/Frameworks";
				PRODUCT_BUNDLE_IDENTIFIER = com.oryx.testapp.UnitTestingUITests;
				PRODUCT_NAME = "$(TARGET_NAME)";
				SWIFT_VERSION = 3.0;
				TEST_TARGET_NAME = UnitTesting;
			};
			name = Debug;
		};
		19E685DC1D9BEF7300C9CF0E /* Release */ = {
			isa = XCBuildConfiguration;
			buildSettings = {
				ALWAYS_EMBED_SWIFT_STANDARD_LIBRARIES = YES;
				DEVELOPMENT_TEAM = P4JVA28GY3;
				INFOPLIST_FILE = UnitTestingUITests/Info.plist;
				LD_RUNPATH_SEARCH_PATHS = "$(inherited) @executable_path/Frameworks @loader_path/Frameworks";
				PRODUCT_BUNDLE_IDENTIFIER = com.oryx.testapp.UnitTestingUITests;
				PRODUCT_NAME = "$(TARGET_NAME)";
				SWIFT_VERSION = 3.0;
				TEST_TARGET_NAME = UnitTesting;
			};
			name = Release;
		};
/* End XCBuildConfiguration section */

/* Begin XCConfigurationList section */
		19E685A71D9BEF7300C9CF0E /* Build configuration list for PBXProject "UnitTesting" */ = {
			isa = XCConfigurationList;
			buildConfigurations = (
				19E685D21D9BEF7300C9CF0E /* Debug */,
				19E685D31D9BEF7300C9CF0E /* Release */,
			);
			defaultConfigurationIsVisible = 0;
			defaultConfigurationName = Release;
		};
		19E685D41D9BEF7300C9CF0E /* Build configuration list for PBXNativeTarget "UnitTesting" */ = {
			isa = XCConfigurationList;
			buildConfigurations = (
				19E685D51D9BEF7300C9CF0E /* Debug */,
				19E685D61D9BEF7300C9CF0E /* Release */,
			);
			defaultConfigurationIsVisible = 0;
		};
		19E685D71D9BEF7300C9CF0E /* Build configuration list for PBXNativeTarget "UnitTestingTests" */ = {
			isa = XCConfigurationList;
			buildConfigurations = (
				19E685D81D9BEF7300C9CF0E /* Debug */,
				19E685D91D9BEF7300C9CF0E /* Release */,
			);
			defaultConfigurationIsVisible = 0;
		};
		19E685DA1D9BEF7300C9CF0E /* Build configuration list for PBXNativeTarget "UnitTestingUITests" */ = {
			isa = XCConfigurationList;
			buildConfigurations = (
				19E685DB1D9BEF7300C9CF0E /* Debug */,
				19E685DC1D9BEF7300C9CF0E /* Release */,
			);
			defaultConfigurationIsVisible = 0;
		};
/* End XCConfigurationList section */
	};
	rootObject = 19E685A41D9BEF7300C9CF0E /* Project object */;
}
